// !$*UTF8*$!
{
	archiveVersion = 1;
	classes = {
	};
	objectVersion = 50;
	objects = {

/* Begin PBXBuildFile section */
		EC4584BE232C1C8300418B58 /* AppKit.framework in Frameworks */ = {isa = PBXBuildFile; fileRef = EC4584BD232C1C8300418B58 /* AppKit.framework */; };
		EC4584C0232C1E4F00418B58 /* AppWrapper.m in Sources */ = {isa = PBXBuildFile; fileRef = EC4584BF232C1E4F00418B58 /* AppWrapper.m */; };
		EC4584C6232C34EE00418B58 /* AppWrapper.h in Headers */ = {isa = PBXBuildFile; fileRef = EC4584BA232C1A7000418B58 /* AppWrapper.h */; settings = {ATTRIBUTES = (Public, ); }; };
		EC4584C7232C34F400418B58 /* MacOSAppWrapper.h in Headers */ = {isa = PBXBuildFile; fileRef = EC4584B2232C19E900418B58 /* MacOSAppWrapper.h */; settings = {ATTRIBUTES = (Public, ); }; };
		EC4584C9232D029800418B58 /* Cursor.h in Headers */ = {isa = PBXBuildFile; fileRef = EC4584C8232D029800418B58 /* Cursor.h */; };
		EC4584CB232D045200418B58 /* Cursor.m in Sources */ = {isa = PBXBuildFile; fileRef = EC4584CA232D045200418B58 /* Cursor.m */; };
		EC4584D323326F4600418B58 /* Metal.framework in Frameworks */ = {isa = PBXBuildFile; fileRef = EC4584D223326F4500418B58 /* Metal.framework */; };
		EC8EC7592372CDD9000047C7 /* Foundation.framework in Frameworks */ = {isa = PBXBuildFile; fileRef = EC8EC7582372CDD9000047C7 /* Foundation.framework */; };
/* End PBXBuildFile section */

/* Begin PBXFileReference section */
		EC4584AF232C19E900418B58 /* MacOSAppWrapper.framework */ = {isa = PBXFileReference; explicitFileType = wrapper.framework; includeInIndex = 0; path = MacOSAppWrapper.framework; sourceTree = BUILT_PRODUCTS_DIR; };
		EC4584B2232C19E900418B58 /* MacOSAppWrapper.h */ = {isa = PBXFileReference; lastKnownFileType = sourcecode.c.h; path = MacOSAppWrapper.h; sourceTree = "<group>"; };
		EC4584B3232C19E900418B58 /* Info.plist */ = {isa = PBXFileReference; lastKnownFileType = text.plist.xml; path = Info.plist; sourceTree = "<group>"; };
		EC4584BA232C1A7000418B58 /* AppWrapper.h */ = {isa = PBXFileReference; lastKnownFileType = sourcecode.c.h; path = AppWrapper.h; sourceTree = "<group>"; };
		EC4584BD232C1C8300418B58 /* AppKit.framework */ = {isa = PBXFileReference; lastKnownFileType = wrapper.framework; name = AppKit.framework; path = System/Library/Frameworks/AppKit.framework; sourceTree = SDKROOT; };
		EC4584BF232C1E4F00418B58 /* AppWrapper.m */ = {isa = PBXFileReference; lastKnownFileType = sourcecode.c.objc; path = AppWrapper.m; sourceTree = "<group>"; };
		EC4584C8232D029800418B58 /* Cursor.h */ = {isa = PBXFileReference; lastKnownFileType = sourcecode.c.h; path = Cursor.h; sourceTree = "<group>"; };
		EC4584CA232D045200418B58 /* Cursor.m */ = {isa = PBXFileReference; lastKnownFileType = sourcecode.c.objc; path = Cursor.m; sourceTree = "<group>"; };
		EC4584D223326F4500418B58 /* Metal.framework */ = {isa = PBXFileReference; lastKnownFileType = wrapper.framework; name = Metal.framework; path = System/Library/Frameworks/Metal.framework; sourceTree = SDKROOT; };
		EC8EC7582372CDD9000047C7 /* Foundation.framework */ = {isa = PBXFileReference; lastKnownFileType = wrapper.framework; name = Foundation.framework; path = System/Library/Frameworks/Foundation.framework; sourceTree = SDKROOT; };
/* End PBXFileReference section */

/* Begin PBXFrameworksBuildPhase section */
		EC4584AC232C19E900418B58 /* Frameworks */ = {
			isa = PBXFrameworksBuildPhase;
			buildActionMask = 2147483647;
			files = (
				EC8EC7592372CDD9000047C7 /* Foundation.framework in Frameworks */,
				EC4584D323326F4600418B58 /* Metal.framework in Frameworks */,
				EC4584BE232C1C8300418B58 /* AppKit.framework in Frameworks */,
			);
			runOnlyForDeploymentPostprocessing = 0;
		};
/* End PBXFrameworksBuildPhase section */

/* Begin PBXGroup section */
		EC4584A5232C19E900418B58 = {
			isa = PBXGroup;
			children = (
				EC4584B1232C19E900418B58 /* MacOSAppWrapper */,
				EC4584B0232C19E900418B58 /* Products */,
				EC4584BC232C1C8300418B58 /* Frameworks */,
			);
			sourceTree = "<group>";
		};
		EC4584B0232C19E900418B58 /* Products */ = {
			isa = PBXGroup;
			children = (
				EC4584AF232C19E900418B58 /* MacOSAppWrapper.framework */,
			);
			name = Products;
			sourceTree = "<group>";
		};
		EC4584B1232C19E900418B58 /* MacOSAppWrapper */ = {
			isa = PBXGroup;
			children = (
				EC4584B2232C19E900418B58 /* MacOSAppWrapper.h */,
				EC4584B3232C19E900418B58 /* Info.plist */,
				EC4584BA232C1A7000418B58 /* AppWrapper.h */,
				EC4584BF232C1E4F00418B58 /* AppWrapper.m */,
				EC4584C8232D029800418B58 /* Cursor.h */,
				EC4584CA232D045200418B58 /* Cursor.m */,
			);
			path = MacOSAppWrapper;
			sourceTree = "<group>";
		};
		EC4584BC232C1C8300418B58 /* Frameworks */ = {
			isa = PBXGroup;
			children = (
				EC8EC7582372CDD9000047C7 /* Foundation.framework */,
				EC4584D223326F4500418B58 /* Metal.framework */,
				EC4584BD232C1C8300418B58 /* AppKit.framework */,
			);
			name = Frameworks;
			sourceTree = "<group>";
		};
/* End PBXGroup section */

/* Begin PBXHeadersBuildPhase section */
		EC4584AA232C19E900418B58 /* Headers */ = {
			isa = PBXHeadersBuildPhase;
			buildActionMask = 2147483647;
			files = (
				EC4584C7232C34F400418B58 /* MacOSAppWrapper.h in Headers */,
				EC4584C9232D029800418B58 /* Cursor.h in Headers */,
				EC4584C6232C34EE00418B58 /* AppWrapper.h in Headers */,
			);
			runOnlyForDeploymentPostprocessing = 0;
		};
/* End PBXHeadersBuildPhase section */

/* Begin PBXNativeTarget section */
		EC4584AE232C19E900418B58 /* MacOSAppWrapper */ = {
			isa = PBXNativeTarget;
			buildConfigurationList = EC4584B7232C19E900418B58 /* Build configuration list for PBXNativeTarget "MacOSAppWrapper" */;
			buildPhases = (
				EC4584AA232C19E900418B58 /* Headers */,
				EC4584AB232C19E900418B58 /* Sources */,
				EC4584AC232C19E900418B58 /* Frameworks */,
				EC4584AD232C19E900418B58 /* Resources */,
			);
			buildRules = (
			);
			dependencies = (
			);
			name = MacOSAppWrapper;
			productName = MacOSAppWrapper;
			productReference = EC4584AF232C19E900418B58 /* MacOSAppWrapper.framework */;
			productType = "com.apple.product-type.framework";
		};
/* End PBXNativeTarget section */

/* Begin PBXProject section */
		EC4584A6232C19E900418B58 /* Project object */ = {
			isa = PBXProject;
			attributes = {
				LastUpgradeCheck = 1030;
				ORGANIZATIONNAME = "Denys Zaporozhets";
				TargetAttributes = {
					EC4584AE232C19E900418B58 = {
						CreatedOnToolsVersion = 10.3;
					};
				};
			};
			buildConfigurationList = EC4584A9232C19E900418B58 /* Build configuration list for PBXProject "MacOSAppWrapper" */;
			compatibilityVersion = "Xcode 9.3";
			developmentRegion = en;
			hasScannedForEncodings = 0;
			knownRegions = (
				en,
			);
			mainGroup = EC4584A5232C19E900418B58;
			productRefGroup = EC4584B0232C19E900418B58 /* Products */;
			projectDirPath = "";
			projectRoot = "";
			targets = (
				EC4584AE232C19E900418B58 /* MacOSAppWrapper */,
			);
		};
/* End PBXProject section */

/* Begin PBXResourcesBuildPhase section */
		EC4584AD232C19E900418B58 /* Resources */ = {
			isa = PBXResourcesBuildPhase;
			buildActionMask = 2147483647;
			files = (
			);
			runOnlyForDeploymentPostprocessing = 0;
		};
/* End PBXResourcesBuildPhase section */

/* Begin PBXSourcesBuildPhase section */
		EC4584AB232C19E900418B58 /* Sources */ = {
			isa = PBXSourcesBuildPhase;
			buildActionMask = 2147483647;
			files = (
				EC4584C0232C1E4F00418B58 /* AppWrapper.m in Sources */,
				EC4584CB232D045200418B58 /* Cursor.m in Sources */,
			);
			runOnlyForDeploymentPostprocessing = 0;
		};
/* End PBXSourcesBuildPhase section */

/* Begin XCBuildConfiguration section */
		EC4584B5232C19E900418B58 /* Debug */ = {
			isa = XCBuildConfiguration;
			buildSettings = {
				ALWAYS_SEARCH_USER_PATHS = NO;
				CLANG_ANALYZER_NONNULL = YES;
				CLANG_ANALYZER_NUMBER_OBJECT_CONVERSION = YES_AGGRESSIVE;
				CLANG_CXX_LANGUAGE_STANDARD = "gnu++14";
				CLANG_CXX_LIBRARY = "libc++";
				CLANG_ENABLE_MODULES = YES;
				CLANG_ENABLE_OBJC_ARC = YES;
				CLANG_ENABLE_OBJC_WEAK = YES;
				CLANG_WARN_BLOCK_CAPTURE_AUTORELEASING = YES;
				CLANG_WARN_BOOL_CONVERSION = YES;
				CLANG_WARN_COMMA = YES;
				CLANG_WARN_CONSTANT_CONVERSION = YES;
				CLANG_WARN_DEPRECATED_OBJC_IMPLEMENTATIONS = YES;
				CLANG_WARN_DIRECT_OBJC_ISA_USAGE = YES_ERROR;
				CLANG_WARN_DOCUMENTATION_COMMENTS = YES;
				CLANG_WARN_EMPTY_BODY = YES;
				CLANG_WARN_ENUM_CONVERSION = YES;
				CLANG_WARN_INFINITE_RECURSION = YES;
				CLANG_WARN_INT_CONVERSION = YES;
				CLANG_WARN_NON_LITERAL_NULL_CONVERSION = YES;
				CLANG_WARN_OBJC_IMPLICIT_RETAIN_SELF = YES;
				CLANG_WARN_OBJC_LITERAL_CONVERSION = YES;
				CLANG_WARN_OBJC_ROOT_CLASS = YES_ERROR;
				CLANG_WARN_RANGE_LOOP_ANALYSIS = YES;
				CLANG_WARN_STRICT_PROTOTYPES = YES;
				CLANG_WARN_SUSPICIOUS_MOVE = YES;
				CLANG_WARN_UNGUARDED_AVAILABILITY = YES_AGGRESSIVE;
				CLANG_WARN_UNREACHABLE_CODE = YES;
				CLANG_WARN__DUPLICATE_METHOD_MATCH = YES;
				CODE_SIGN_IDENTITY = "Mac Developer";
				COPY_PHASE_STRIP = NO;
				CURRENT_PROJECT_VERSION = 1;
				DEBUG_INFORMATION_FORMAT = dwarf;
				ENABLE_STRICT_OBJC_MSGSEND = YES;
				ENABLE_TESTABILITY = YES;
				GCC_C_LANGUAGE_STANDARD = gnu11;
				GCC_DYNAMIC_NO_PIC = NO;
				GCC_NO_COMMON_BLOCKS = YES;
				GCC_OPTIMIZATION_LEVEL = 0;
				GCC_PREPROCESSOR_DEFINITIONS = (
					"DEBUG=1",
					"$(inherited)",
				);
				GCC_WARN_64_TO_32_BIT_CONVERSION = YES;
				GCC_WARN_ABOUT_RETURN_TYPE = YES_ERROR;
				GCC_WARN_UNDECLARED_SELECTOR = YES;
				GCC_WARN_UNINITIALIZED_AUTOS = YES_AGGRESSIVE;
				GCC_WARN_UNUSED_FUNCTION = YES;
				GCC_WARN_UNUSED_VARIABLE = YES;
				MACOSX_DEPLOYMENT_TARGET = 10.15;
				MTL_ENABLE_DEBUG_INFO = INCLUDE_SOURCE;
				MTL_FAST_MATH = YES;
				ONLY_ACTIVE_ARCH = YES;
				SDKROOT = macosx;
				VERSIONING_SYSTEM = "apple-generic";
				VERSION_INFO_PREFIX = "";
			};
			name = Debug;
		};
		EC4584B6232C19E900418B58 /* Release */ = {
			isa = XCBuildConfiguration;
			buildSettings = {
				ALWAYS_SEARCH_USER_PATHS = NO;
				CLANG_ANALYZER_NONNULL = YES;
				CLANG_ANALYZER_NUMBER_OBJECT_CONVERSION = YES_AGGRESSIVE;
				CLANG_CXX_LANGUAGE_STANDARD = "gnu++14";
				CLANG_CXX_LIBRARY = "libc++";
				CLANG_ENABLE_MODULES = YES;
				CLANG_ENABLE_OBJC_ARC = YES;
				CLANG_ENABLE_OBJC_WEAK = YES;
				CLANG_WARN_BLOCK_CAPTURE_AUTORELEASING = YES;
				CLANG_WARN_BOOL_CONVERSION = YES;
				CLANG_WARN_COMMA = YES;
				CLANG_WARN_CONSTANT_CONVERSION = YES;
				CLANG_WARN_DEPRECATED_OBJC_IMPLEMENTATIONS = YES;
				CLANG_WARN_DIRECT_OBJC_ISA_USAGE = YES_ERROR;
				CLANG_WARN_DOCUMENTATION_COMMENTS = YES;
				CLANG_WARN_EMPTY_BODY = YES;
				CLANG_WARN_ENUM_CONVERSION = YES;
				CLANG_WARN_INFINITE_RECURSION = YES;
				CLANG_WARN_INT_CONVERSION = YES;
				CLANG_WARN_NON_LITERAL_NULL_CONVERSION = YES;
				CLANG_WARN_OBJC_IMPLICIT_RETAIN_SELF = YES;
				CLANG_WARN_OBJC_LITERAL_CONVERSION = YES;
				CLANG_WARN_OBJC_ROOT_CLASS = YES_ERROR;
				CLANG_WARN_RANGE_LOOP_ANALYSIS = YES;
				CLANG_WARN_STRICT_PROTOTYPES = YES;
				CLANG_WARN_SUSPICIOUS_MOVE = YES;
				CLANG_WARN_UNGUARDED_AVAILABILITY = YES_AGGRESSIVE;
				CLANG_WARN_UNREACHABLE_CODE = YES;
				CLANG_WARN__DUPLICATE_METHOD_MATCH = YES;
				CODE_SIGN_IDENTITY = "Mac Developer";
				COPY_PHASE_STRIP = NO;
				CURRENT_PROJECT_VERSION = 1;
				DEBUG_INFORMATION_FORMAT = "dwarf-with-dsym";
				ENABLE_NS_ASSERTIONS = NO;
				ENABLE_STRICT_OBJC_MSGSEND = YES;
				GCC_C_LANGUAGE_STANDARD = gnu11;
				GCC_NO_COMMON_BLOCKS = YES;
				GCC_WARN_64_TO_32_BIT_CONVERSION = YES;
				GCC_WARN_ABOUT_RETURN_TYPE = YES_ERROR;
				GCC_WARN_UNDECLARED_SELECTOR = YES;
				GCC_WARN_UNINITIALIZED_AUTOS = YES_AGGRESSIVE;
				GCC_WARN_UNUSED_FUNCTION = YES;
				GCC_WARN_UNUSED_VARIABLE = YES;
				MACOSX_DEPLOYMENT_TARGET = 10.15;
				MTL_ENABLE_DEBUG_INFO = NO;
				MTL_FAST_MATH = YES;
				SDKROOT = macosx;
				VERSIONING_SYSTEM = "apple-generic";
				VERSION_INFO_PREFIX = "";
			};
			name = Release;
		};
		EC4584B8232C19E900418B58 /* Debug */ = {
			isa = XCBuildConfiguration;
			buildSettings = {
				CODE_SIGN_IDENTITY = "";
				CODE_SIGN_STYLE = Automatic;
				COMBINE_HIDPI_IMAGES = YES;
				DEFINES_MODULE = YES;
				DEVELOPMENT_TEAM = D654P7N845;
				DYLIB_COMPATIBILITY_VERSION = 1;
				DYLIB_CURRENT_VERSION = 1;
				DYLIB_INSTALL_NAME_BASE = "@rpath";
				FRAMEWORK_VERSION = A;
				INFOPLIST_FILE = MacOSAppWrapper/Info.plist;
				INSTALL_PATH = "$(LOCAL_LIBRARY_DIR)/Frameworks";
				LD_RUNPATH_SEARCH_PATHS = (
					"$(inherited)",
					"@executable_path/../Frameworks",
					"@loader_path/Frameworks",
				);
				PRODUCT_BUNDLE_IDENTIFIER = "Adamantium-Studio.MacOSAppWrapper";
				PRODUCT_NAME = "$(TARGET_NAME:c99extidentifier)";
				SKIP_INSTALL = YES;
			};
			name = Debug;
		};
		EC4584B9232C19E900418B58 /* Release */ = {
			isa = XCBuildConfiguration;
			buildSettings = {
				CODE_SIGN_IDENTITY = "";
				CODE_SIGN_STYLE = Automatic;
				COMBINE_HIDPI_IMAGES = YES;
				DEFINES_MODULE = YES;
				DEVELOPMENT_TEAM = D654P7N845;
				DYLIB_COMPATIBILITY_VERSION = 1;
				DYLIB_CURRENT_VERSION = 1;
				DYLIB_INSTALL_NAME_BASE = "@rpath";
				FRAMEWORK_VERSION = A;
				INFOPLIST_FILE = MacOSAppWrapper/Info.plist;
				INSTALL_PATH = "$(LOCAL_LIBRARY_DIR)/Frameworks";
				LD_RUNPATH_SEARCH_PATHS = (
					"$(inherited)",
					"@executable_path/../Frameworks",
					"@loader_path/Frameworks",
				);
				PRODUCT_BUNDLE_IDENTIFIER = "Adamantium-Studio.MacOSAppWrapper";
				PRODUCT_NAME = "$(TARGET_NAME:c99extidentifier)";
				SKIP_INSTALL = YES;
			};
			name = Release;
		};
/* End XCBuildConfiguration section */

/* Begin XCConfigurationList section */
		EC4584A9232C19E900418B58 /* Build configuration list for PBXProject "MacOSAppWrapper" */ = {
			isa = XCConfigurationList;
			buildConfigurations = (
				EC4584B5232C19E900418B58 /* Debug */,
				EC4584B6232C19E900418B58 /* Release */,
			);
			defaultConfigurationIsVisible = 0;
			defaultConfigurationName = Release;
		};
		EC4584B7232C19E900418B58 /* Build configuration list for PBXNativeTarget "MacOSAppWrapper" */ = {
			isa = XCConfigurationList;
			buildConfigurations = (
				EC4584B8232C19E900418B58 /* Debug */,
				EC4584B9232C19E900418B58 /* Release */,
			);
			defaultConfigurationIsVisible = 0;
			defaultConfigurationName = Release;
		};
/* End XCConfigurationList section */
	};
	rootObject = EC4584A6232C19E900418B58 /* Project object */;
}
