
Microsoft Visual Studio Solution File, Format Version 12.00
# Visual Studio Version 16
VisualStudioVersion = 16.0.28729.10
MinimumVisualStudioVersion = 10.0.40219.1
Project("{9A19103F-16F7-4668-BE54-9A1E7A4F7556}") = "Adamantium.Win32", "Adamantium.Win32\Adamantium.Win32.csproj", "{D85CB923-92B2-40F0-9947-F316370814F7}"
EndProject
Project("{9A19103F-16F7-4668-BE54-9A1E7A4F7556}") = "Adamantium.Mathematics", "Adamantium.Mathematics\Adamantium.Mathematics.csproj", "{9A399CD8-EC18-4407-A6C0-82337D9089C7}"
EndProject
Project("{9A19103F-16F7-4668-BE54-9A1E7A4F7556}") = "Adamantium.EntityFramework", "Adamantium.EntityFramework\Adamantium.EntityFramework.csproj", "{9CB44D45-0B39-4EA6-9C98-1FF6302AF245}"
EndProject
Project("{9A19103F-16F7-4668-BE54-9A1E7A4F7556}") = "Adamantium.XInput", "Adamantium.XInput\Adamantium.XInput.csproj", "{94CBD019-9119-473C-BFE6-4175EBBD95AE}"
EndProject
Project("{9A19103F-16F7-4668-BE54-9A1E7A4F7556}") = "Adamantium.XInput.Playground", "Adamantium.XInput.Playground\Adamantium.XInput.Playground.csproj", "{4CAC9288-F82E-42CB-AB83-11C01A51D8FC}"
EndProject
Project("{9A19103F-16F7-4668-BE54-9A1E7A4F7556}") = "Adamantium.Engine.Core", "Adamantium.Engine.Core\Adamantium.Engine.Core.csproj", "{2E2654CD-90B4-4834-8B63-19254C51B817}"
EndProject
Project("{9A19103F-16F7-4668-BE54-9A1E7A4F7556}") = "Adamantium.Core", "Adamantium.Core\Adamantium.Core.csproj", "{6153B7E7-EAFD-40D1-B454-22A140EC5C98}"
EndProject
Project("{9A19103F-16F7-4668-BE54-9A1E7A4F7556}") = "Adamantium.Engine.Graphics", "Adamantium.Engine.Graphics\Adamantium.Engine.Graphics.csproj", "{FC037CF8-2D12-4B69-9AE7-082FFA4EFF92}"
EndProject
Project("{9A19103F-16F7-4668-BE54-9A1E7A4F7556}") = "AdamantiumVulkan.Core", "..\..\AdamantiumVulkan\AdamantiumVulkan.Core\AdamantiumVulkan.Core.csproj", "{DA22CB4A-2E3E-4161-9453-BCD3C49AC9D8}"
EndProject
Project("{9A19103F-16F7-4668-BE54-9A1E7A4F7556}") = "AdamantiumVulkan", "..\..\AdamantiumVulkan\AdamantiumVulkan\AdamantiumVulkan.csproj", "{F86F0DA0-D713-43CB-A1CE-0C33A7CE5624}"
EndProject
Project("{9A19103F-16F7-4668-BE54-9A1E7A4F7556}") = "AdamantiumVulkan.Windows", "..\..\AdamantiumVulkan\AdamantiumVulkan.Windows\AdamantiumVulkan.Windows.csproj", "{B0D8F9C6-9BEF-453B-B491-90D1C4833DF6}"
EndProject
Project("{9A19103F-16F7-4668-BE54-9A1E7A4F7556}") = "Adamantium.EntityFramework.Components", "Adamantium.EntityFramework.Components\Adamantium.EntityFramework.Components.csproj", "{76BFB7BF-3501-440E-A189-A4C74673E96D}"
EndProject
Project("{9A19103F-16F7-4668-BE54-9A1E7A4F7556}") = "Adamantium.Game", "Adamantium.Game\Adamantium.Game.csproj", "{A02907D8-8A1C-4D77-A397-C57CB4323021}"
EndProject
Project("{9A19103F-16F7-4668-BE54-9A1E7A4F7556}") = "Adamantium.Engine", "Adamantium.Engine\Adamantium.Engine.csproj", "{2703C5BE-1D98-4111-A195-C465BF176357}"
EndProject
Project("{2150E333-8FDC-42A3-9474-1A3956D46DE8}") = "Tests", "Tests", "{3A783815-220B-420E-80CE-4CD4805A0834}"
EndProject
Project("{9A19103F-16F7-4668-BE54-9A1E7A4F7556}") = "Adamantium.Engine.GraphicsTests", "Tests\Adamantium.Engine.GraphicsTests\Adamantium.Engine.GraphicsTests.csproj", "{E598A6F2-DE2C-4591-966C-D6BB39D667B3}"
EndProject
Project("{9A19103F-16F7-4668-BE54-9A1E7A4F7556}") = "Adamantium.Imaging", "Adamantium.Imaging\Adamantium.Imaging.csproj", "{E625BE65-9BAF-4573-81A9-92861020FE5C}"
EndProject
Project("{9A19103F-16F7-4668-BE54-9A1E7A4F7556}") = "Adamantium.Imaging.Playground", "Adamantium.Imaging.Playground\Adamantium.Imaging.Playground.csproj", "{D7642FD8-CF5C-4AA8-A5F6-909F1258AF2F}"
EndProject
Project("{9A19103F-16F7-4668-BE54-9A1E7A4F7556}") = "Adamantium.UI", "Adamantium.UI\Adamantium.UI.csproj", "{820E2B9B-65D7-4988-BB56-7A0987FF9C01}"
EndProject
Project("{9A19103F-16F7-4668-BE54-9A1E7A4F7556}") = "Adamantium.Engine.Compiler", "Adamantium.Engine.Compiler\Adamantium.Engine.Compiler.csproj", "{7745D669-6AE3-4BBD-8A3F-200D5918056C}"
EndProject
Project("{9A19103F-16F7-4668-BE54-9A1E7A4F7556}") = "Adamantium.UI.Playground", "Adamantium.UI.Playground\Adamantium.UI.Playground.csproj", "{CB099BE3-3263-4452-A566-F794FD2C0EF4}"
EndProject
Project("{9A19103F-16F7-4668-BE54-9A1E7A4F7556}") = "Adamantium.MacOS", "Adamantium.MacOS\Adamantium.MacOS.csproj", "{9E5450F1-EBD3-4CFB-846C-B2FB0E11FCD0}"
EndProject
Project("{9A19103F-16F7-4668-BE54-9A1E7A4F7556}") = "AdamantiumVulkan.MacOS", "..\..\AdamantiumVulkan\AdamantiumVulkan.MacOS\AdamantiumVulkan.MacOS.csproj", "{94F005CA-07DA-4701-9E3B-488B8798F2B4}"
EndProject
Project("{9A19103F-16F7-4668-BE54-9A1E7A4F7556}") = "AdamantiumVulkan.Shaders", "..\..\AdamantiumVulkan\AdamantiumVulkan.Shaders\AdamantiumVulkan.Shaders.csproj", "{A472A3C1-99A2-4777-B39E-16857AAEEC54}"
EndProject
Project("{9A19103F-16F7-4668-BE54-9A1E7A4F7556}") = "AdamantiumVulkan.SPIRV.Cross", "..\..\AdamantiumVulkan\AdamantiumVulkan.SPIRV.Cross\AdamantiumVulkan.SPIRV.Cross.csproj", "{C5B9CA38-3883-40CA-A0AF-AC0C843A89A2}"
EndProject
Project("{FAE04EC0-301F-11D3-BF4B-00C04F79EFBC}") = "AdamantiumVulkan.SPIRV", "..\..\AdamantiumVulkan\AdamantiumVulkan.SPIRV\AdamantiumVulkan.SPIRV.csproj", "{CFAC940F-419B-4962-B04B-73A1EEC0A799}"
EndProject
Project("{FAE04EC0-301F-11D3-BF4B-00C04F79EFBC}") = "AdamantiumVulkan.SPIRV.Reflection", "..\..\AdamantiumVulkan\AdamantiumVulkan.SPIRV.Reflection\AdamantiumVulkan.SPIRV.Reflection.csproj", "{78FC7188-F75F-4802-BB45-816CE219FAB5}"
EndProject
Global
	GlobalSection(SolutionConfigurationPlatforms) = preSolution
		Debug|Any CPU = Debug|Any CPU
		Debug|x64 = Debug|x64
		Release|Any CPU = Release|Any CPU
		Release|x64 = Release|x64
	EndGlobalSection
	GlobalSection(ProjectConfigurationPlatforms) = postSolution
		{D85CB923-92B2-40F0-9947-F316370814F7}.Debug|Any CPU.ActiveCfg = Debug|x64
		{D85CB923-92B2-40F0-9947-F316370814F7}.Debug|Any CPU.Build.0 = Debug|x64
		{D85CB923-92B2-40F0-9947-F316370814F7}.Debug|x64.ActiveCfg = Debug|x64
		{D85CB923-92B2-40F0-9947-F316370814F7}.Debug|x64.Build.0 = Debug|x64
		{D85CB923-92B2-40F0-9947-F316370814F7}.Release|Any CPU.ActiveCfg = Release|Any CPU
		{D85CB923-92B2-40F0-9947-F316370814F7}.Release|Any CPU.Build.0 = Release|Any CPU
		{D85CB923-92B2-40F0-9947-F316370814F7}.Release|x64.ActiveCfg = Release|x64
		{D85CB923-92B2-40F0-9947-F316370814F7}.Release|x64.Build.0 = Release|x64
		{9A399CD8-EC18-4407-A6C0-82337D9089C7}.Debug|Any CPU.ActiveCfg = Debug|x64
		{9A399CD8-EC18-4407-A6C0-82337D9089C7}.Debug|Any CPU.Build.0 = Debug|x64
		{9A399CD8-EC18-4407-A6C0-82337D9089C7}.Debug|x64.ActiveCfg = Debug|x64
		{9A399CD8-EC18-4407-A6C0-82337D9089C7}.Debug|x64.Build.0 = Debug|x64
		{9A399CD8-EC18-4407-A6C0-82337D9089C7}.Release|Any CPU.ActiveCfg = Release|Any CPU
		{9A399CD8-EC18-4407-A6C0-82337D9089C7}.Release|Any CPU.Build.0 = Release|Any CPU
		{9A399CD8-EC18-4407-A6C0-82337D9089C7}.Release|x64.ActiveCfg = Release|x64
		{9A399CD8-EC18-4407-A6C0-82337D9089C7}.Release|x64.Build.0 = Release|x64
		{9CB44D45-0B39-4EA6-9C98-1FF6302AF245}.Debug|Any CPU.ActiveCfg = Debug|x64
		{9CB44D45-0B39-4EA6-9C98-1FF6302AF245}.Debug|Any CPU.Build.0 = Debug|x64
		{9CB44D45-0B39-4EA6-9C98-1FF6302AF245}.Debug|x64.ActiveCfg = Debug|x64
		{9CB44D45-0B39-4EA6-9C98-1FF6302AF245}.Debug|x64.Build.0 = Debug|x64
		{9CB44D45-0B39-4EA6-9C98-1FF6302AF245}.Release|Any CPU.ActiveCfg = Release|Any CPU
		{9CB44D45-0B39-4EA6-9C98-1FF6302AF245}.Release|Any CPU.Build.0 = Release|Any CPU
		{9CB44D45-0B39-4EA6-9C98-1FF6302AF245}.Release|x64.ActiveCfg = Release|Any CPU
		{9CB44D45-0B39-4EA6-9C98-1FF6302AF245}.Release|x64.Build.0 = Release|Any CPU
		{94CBD019-9119-473C-BFE6-4175EBBD95AE}.Debug|Any CPU.ActiveCfg = Debug|x64
		{94CBD019-9119-473C-BFE6-4175EBBD95AE}.Debug|Any CPU.Build.0 = Debug|x64
		{94CBD019-9119-473C-BFE6-4175EBBD95AE}.Debug|x64.ActiveCfg = Debug|x64
		{94CBD019-9119-473C-BFE6-4175EBBD95AE}.Debug|x64.Build.0 = Debug|x64
		{94CBD019-9119-473C-BFE6-4175EBBD95AE}.Release|Any CPU.ActiveCfg = Release|Any CPU
		{94CBD019-9119-473C-BFE6-4175EBBD95AE}.Release|Any CPU.Build.0 = Release|Any CPU
		{94CBD019-9119-473C-BFE6-4175EBBD95AE}.Release|x64.ActiveCfg = Release|Any CPU
		{94CBD019-9119-473C-BFE6-4175EBBD95AE}.Release|x64.Build.0 = Release|Any CPU
		{4CAC9288-F82E-42CB-AB83-11C01A51D8FC}.Debug|Any CPU.ActiveCfg = Debug|x64
		{4CAC9288-F82E-42CB-AB83-11C01A51D8FC}.Debug|Any CPU.Build.0 = Debug|x64
		{4CAC9288-F82E-42CB-AB83-11C01A51D8FC}.Debug|x64.ActiveCfg = Debug|x64
		{4CAC9288-F82E-42CB-AB83-11C01A51D8FC}.Debug|x64.Build.0 = Debug|x64
		{4CAC9288-F82E-42CB-AB83-11C01A51D8FC}.Release|Any CPU.ActiveCfg = Release|Any CPU
		{4CAC9288-F82E-42CB-AB83-11C01A51D8FC}.Release|Any CPU.Build.0 = Release|Any CPU
		{4CAC9288-F82E-42CB-AB83-11C01A51D8FC}.Release|x64.ActiveCfg = Release|Any CPU
		{4CAC9288-F82E-42CB-AB83-11C01A51D8FC}.Release|x64.Build.0 = Release|Any CPU
		{2E2654CD-90B4-4834-8B63-19254C51B817}.Debug|Any CPU.ActiveCfg = Debug|x64
		{2E2654CD-90B4-4834-8B63-19254C51B817}.Debug|Any CPU.Build.0 = Debug|x64
		{2E2654CD-90B4-4834-8B63-19254C51B817}.Debug|x64.ActiveCfg = Debug|x64
		{2E2654CD-90B4-4834-8B63-19254C51B817}.Debug|x64.Build.0 = Debug|x64
		{2E2654CD-90B4-4834-8B63-19254C51B817}.Release|Any CPU.ActiveCfg = Release|Any CPU
		{2E2654CD-90B4-4834-8B63-19254C51B817}.Release|Any CPU.Build.0 = Release|Any CPU
		{2E2654CD-90B4-4834-8B63-19254C51B817}.Release|x64.ActiveCfg = Release|Any CPU
		{2E2654CD-90B4-4834-8B63-19254C51B817}.Release|x64.Build.0 = Release|Any CPU
		{6153B7E7-EAFD-40D1-B454-22A140EC5C98}.Debug|Any CPU.ActiveCfg = Debug|x64
		{6153B7E7-EAFD-40D1-B454-22A140EC5C98}.Debug|Any CPU.Build.0 = Debug|x64
		{6153B7E7-EAFD-40D1-B454-22A140EC5C98}.Debug|x64.ActiveCfg = Debug|x64
		{6153B7E7-EAFD-40D1-B454-22A140EC5C98}.Debug|x64.Build.0 = Debug|x64
		{6153B7E7-EAFD-40D1-B454-22A140EC5C98}.Release|Any CPU.ActiveCfg = Release|Any CPU
		{6153B7E7-EAFD-40D1-B454-22A140EC5C98}.Release|Any CPU.Build.0 = Release|Any CPU
		{6153B7E7-EAFD-40D1-B454-22A140EC5C98}.Release|x64.ActiveCfg = Release|Any CPU
		{6153B7E7-EAFD-40D1-B454-22A140EC5C98}.Release|x64.Build.0 = Release|Any CPU
		{FC037CF8-2D12-4B69-9AE7-082FFA4EFF92}.Debug|Any CPU.ActiveCfg = Debug|x64
		{FC037CF8-2D12-4B69-9AE7-082FFA4EFF92}.Debug|Any CPU.Build.0 = Debug|x64
		{FC037CF8-2D12-4B69-9AE7-082FFA4EFF92}.Debug|x64.ActiveCfg = Debug|x64
		{FC037CF8-2D12-4B69-9AE7-082FFA4EFF92}.Debug|x64.Build.0 = Debug|x64
		{FC037CF8-2D12-4B69-9AE7-082FFA4EFF92}.Release|Any CPU.ActiveCfg = Release|Any CPU
		{FC037CF8-2D12-4B69-9AE7-082FFA4EFF92}.Release|Any CPU.Build.0 = Release|Any CPU
		{FC037CF8-2D12-4B69-9AE7-082FFA4EFF92}.Release|x64.ActiveCfg = Release|Any CPU
		{FC037CF8-2D12-4B69-9AE7-082FFA4EFF92}.Release|x64.Build.0 = Release|Any CPU
		{DA22CB4A-2E3E-4161-9453-BCD3C49AC9D8}.Debug|Any CPU.ActiveCfg = Debug|x64
		{DA22CB4A-2E3E-4161-9453-BCD3C49AC9D8}.Debug|Any CPU.Build.0 = Debug|x64
		{DA22CB4A-2E3E-4161-9453-BCD3C49AC9D8}.Debug|x64.ActiveCfg = Debug|x64
		{DA22CB4A-2E3E-4161-9453-BCD3C49AC9D8}.Debug|x64.Build.0 = Debug|x64
		{DA22CB4A-2E3E-4161-9453-BCD3C49AC9D8}.Release|Any CPU.ActiveCfg = Release|x64
		{DA22CB4A-2E3E-4161-9453-BCD3C49AC9D8}.Release|x64.ActiveCfg = Release|x64
		{DA22CB4A-2E3E-4161-9453-BCD3C49AC9D8}.Release|x64.Build.0 = Release|x64
		{F86F0DA0-D713-43CB-A1CE-0C33A7CE5624}.Debug|Any CPU.ActiveCfg = Debug|x64
		{F86F0DA0-D713-43CB-A1CE-0C33A7CE5624}.Debug|Any CPU.Build.0 = Debug|x64
		{F86F0DA0-D713-43CB-A1CE-0C33A7CE5624}.Debug|x64.ActiveCfg = Debug|x64
		{F86F0DA0-D713-43CB-A1CE-0C33A7CE5624}.Debug|x64.Build.0 = Debug|x64
		{F86F0DA0-D713-43CB-A1CE-0C33A7CE5624}.Release|Any CPU.ActiveCfg = Release|x64
		{F86F0DA0-D713-43CB-A1CE-0C33A7CE5624}.Release|x64.ActiveCfg = Release|x64
		{F86F0DA0-D713-43CB-A1CE-0C33A7CE5624}.Release|x64.Build.0 = Release|x64
		{B0D8F9C6-9BEF-453B-B491-90D1C4833DF6}.Debug|Any CPU.ActiveCfg = Debug|x64
		{B0D8F9C6-9BEF-453B-B491-90D1C4833DF6}.Debug|Any CPU.Build.0 = Debug|x64
		{B0D8F9C6-9BEF-453B-B491-90D1C4833DF6}.Debug|x64.ActiveCfg = Debug|x64
		{B0D8F9C6-9BEF-453B-B491-90D1C4833DF6}.Debug|x64.Build.0 = Debug|x64
		{B0D8F9C6-9BEF-453B-B491-90D1C4833DF6}.Release|Any CPU.ActiveCfg = Release|Any CPU
		{B0D8F9C6-9BEF-453B-B491-90D1C4833DF6}.Release|Any CPU.Build.0 = Release|Any CPU
		{B0D8F9C6-9BEF-453B-B491-90D1C4833DF6}.Release|x64.ActiveCfg = Release|x64
		{B0D8F9C6-9BEF-453B-B491-90D1C4833DF6}.Release|x64.Build.0 = Release|x64
		{76BFB7BF-3501-440E-A189-A4C74673E96D}.Debug|Any CPU.ActiveCfg = Debug|x64
		{76BFB7BF-3501-440E-A189-A4C74673E96D}.Debug|Any CPU.Build.0 = Debug|x64
		{76BFB7BF-3501-440E-A189-A4C74673E96D}.Debug|x64.ActiveCfg = Debug|x64
		{76BFB7BF-3501-440E-A189-A4C74673E96D}.Debug|x64.Build.0 = Debug|x64
		{76BFB7BF-3501-440E-A189-A4C74673E96D}.Release|Any CPU.ActiveCfg = Release|Any CPU
		{76BFB7BF-3501-440E-A189-A4C74673E96D}.Release|Any CPU.Build.0 = Release|Any CPU
		{76BFB7BF-3501-440E-A189-A4C74673E96D}.Release|x64.ActiveCfg = Release|Any CPU
		{76BFB7BF-3501-440E-A189-A4C74673E96D}.Release|x64.Build.0 = Release|Any CPU
		{A02907D8-8A1C-4D77-A397-C57CB4323021}.Debug|Any CPU.ActiveCfg = Debug|x64
		{A02907D8-8A1C-4D77-A397-C57CB4323021}.Debug|Any CPU.Build.0 = Debug|x64
		{A02907D8-8A1C-4D77-A397-C57CB4323021}.Debug|x64.ActiveCfg = Debug|x64
		{A02907D8-8A1C-4D77-A397-C57CB4323021}.Debug|x64.Build.0 = Debug|x64
		{A02907D8-8A1C-4D77-A397-C57CB4323021}.Release|Any CPU.ActiveCfg = Release|Any CPU
		{A02907D8-8A1C-4D77-A397-C57CB4323021}.Release|Any CPU.Build.0 = Release|Any CPU
		{A02907D8-8A1C-4D77-A397-C57CB4323021}.Release|x64.ActiveCfg = Release|Any CPU
		{A02907D8-8A1C-4D77-A397-C57CB4323021}.Release|x64.Build.0 = Release|Any CPU
		{2703C5BE-1D98-4111-A195-C465BF176357}.Debug|Any CPU.ActiveCfg = Debug|x64
		{2703C5BE-1D98-4111-A195-C465BF176357}.Debug|Any CPU.Build.0 = Debug|x64
		{2703C5BE-1D98-4111-A195-C465BF176357}.Debug|x64.ActiveCfg = Debug|x64
		{2703C5BE-1D98-4111-A195-C465BF176357}.Debug|x64.Build.0 = Debug|x64
		{2703C5BE-1D98-4111-A195-C465BF176357}.Release|Any CPU.ActiveCfg = Release|Any CPU
		{2703C5BE-1D98-4111-A195-C465BF176357}.Release|Any CPU.Build.0 = Release|Any CPU
		{2703C5BE-1D98-4111-A195-C465BF176357}.Release|x64.ActiveCfg = Release|Any CPU
		{2703C5BE-1D98-4111-A195-C465BF176357}.Release|x64.Build.0 = Release|Any CPU
		{E598A6F2-DE2C-4591-966C-D6BB39D667B3}.Debug|Any CPU.ActiveCfg = Debug|x64
		{E598A6F2-DE2C-4591-966C-D6BB39D667B3}.Debug|Any CPU.Build.0 = Debug|x64
		{E598A6F2-DE2C-4591-966C-D6BB39D667B3}.Debug|x64.ActiveCfg = Debug|x64
		{E598A6F2-DE2C-4591-966C-D6BB39D667B3}.Debug|x64.Build.0 = Debug|x64
		{E598A6F2-DE2C-4591-966C-D6BB39D667B3}.Release|Any CPU.ActiveCfg = Release|Any CPU
		{E598A6F2-DE2C-4591-966C-D6BB39D667B3}.Release|Any CPU.Build.0 = Release|Any CPU
		{E598A6F2-DE2C-4591-966C-D6BB39D667B3}.Release|x64.ActiveCfg = Release|Any CPU
		{E598A6F2-DE2C-4591-966C-D6BB39D667B3}.Release|x64.Build.0 = Release|Any CPU
		{E625BE65-9BAF-4573-81A9-92861020FE5C}.Debug|Any CPU.ActiveCfg = Debug|x64
		{E625BE65-9BAF-4573-81A9-92861020FE5C}.Debug|Any CPU.Build.0 = Debug|x64
		{E625BE65-9BAF-4573-81A9-92861020FE5C}.Debug|x64.ActiveCfg = Debug|x64
		{E625BE65-9BAF-4573-81A9-92861020FE5C}.Debug|x64.Build.0 = Debug|x64
		{E625BE65-9BAF-4573-81A9-92861020FE5C}.Release|Any CPU.ActiveCfg = Release|Any CPU
		{E625BE65-9BAF-4573-81A9-92861020FE5C}.Release|Any CPU.Build.0 = Release|Any CPU
		{E625BE65-9BAF-4573-81A9-92861020FE5C}.Release|x64.ActiveCfg = Release|Any CPU
		{E625BE65-9BAF-4573-81A9-92861020FE5C}.Release|x64.Build.0 = Release|Any CPU
		{D7642FD8-CF5C-4AA8-A5F6-909F1258AF2F}.Debug|Any CPU.ActiveCfg = Debug|x64
		{D7642FD8-CF5C-4AA8-A5F6-909F1258AF2F}.Debug|Any CPU.Build.0 = Debug|x64
		{D7642FD8-CF5C-4AA8-A5F6-909F1258AF2F}.Debug|x64.ActiveCfg = Debug|x64
		{D7642FD8-CF5C-4AA8-A5F6-909F1258AF2F}.Debug|x64.Build.0 = Debug|x64
		{D7642FD8-CF5C-4AA8-A5F6-909F1258AF2F}.Release|Any CPU.ActiveCfg = Release|Any CPU
		{D7642FD8-CF5C-4AA8-A5F6-909F1258AF2F}.Release|Any CPU.Build.0 = Release|Any CPU
		{D7642FD8-CF5C-4AA8-A5F6-909F1258AF2F}.Release|x64.ActiveCfg = Release|Any CPU
		{D7642FD8-CF5C-4AA8-A5F6-909F1258AF2F}.Release|x64.Build.0 = Release|Any CPU
		{820E2B9B-65D7-4988-BB56-7A0987FF9C01}.Debug|Any CPU.ActiveCfg = Debug|x64
		{820E2B9B-65D7-4988-BB56-7A0987FF9C01}.Debug|Any CPU.Build.0 = Debug|x64
		{820E2B9B-65D7-4988-BB56-7A0987FF9C01}.Debug|x64.ActiveCfg = Debug|x64
		{820E2B9B-65D7-4988-BB56-7A0987FF9C01}.Debug|x64.Build.0 = Debug|x64
		{820E2B9B-65D7-4988-BB56-7A0987FF9C01}.Release|Any CPU.ActiveCfg = Release|Any CPU
		{820E2B9B-65D7-4988-BB56-7A0987FF9C01}.Release|Any CPU.Build.0 = Release|Any CPU
		{820E2B9B-65D7-4988-BB56-7A0987FF9C01}.Release|x64.ActiveCfg = Release|Any CPU
		{820E2B9B-65D7-4988-BB56-7A0987FF9C01}.Release|x64.Build.0 = Release|Any CPU
		{7745D669-6AE3-4BBD-8A3F-200D5918056C}.Debug|Any CPU.ActiveCfg = Debug|x64
		{7745D669-6AE3-4BBD-8A3F-200D5918056C}.Debug|Any CPU.Build.0 = Debug|x64
		{7745D669-6AE3-4BBD-8A3F-200D5918056C}.Debug|x64.ActiveCfg = Debug|x64
		{7745D669-6AE3-4BBD-8A3F-200D5918056C}.Debug|x64.Build.0 = Debug|x64
		{7745D669-6AE3-4BBD-8A3F-200D5918056C}.Release|Any CPU.ActiveCfg = Release|Any CPU
		{7745D669-6AE3-4BBD-8A3F-200D5918056C}.Release|Any CPU.Build.0 = Release|Any CPU
		{7745D669-6AE3-4BBD-8A3F-200D5918056C}.Release|x64.ActiveCfg = Release|Any CPU
		{7745D669-6AE3-4BBD-8A3F-200D5918056C}.Release|x64.Build.0 = Release|Any CPU
		{CB099BE3-3263-4452-A566-F794FD2C0EF4}.Debug|x64.ActiveCfg = Debug|x64
		{CB099BE3-3263-4452-A566-F794FD2C0EF4}.Debug|x64.Build.0 = Debug|x64
		{CB099BE3-3263-4452-A566-F794FD2C0EF4}.Release|Any CPU.ActiveCfg = Release|Any CPU
		{CB099BE3-3263-4452-A566-F794FD2C0EF4}.Release|Any CPU.Build.0 = Release|Any CPU
		{CB099BE3-3263-4452-A566-F794FD2C0EF4}.Release|x64.ActiveCfg = Release|Any CPU
		{CB099BE3-3263-4452-A566-F794FD2C0EF4}.Release|x64.Build.0 = Release|Any CPU
		{CB099BE3-3263-4452-A566-F794FD2C0EF4}.Debug|Any CPU.ActiveCfg = Debug|x64
		{CB099BE3-3263-4452-A566-F794FD2C0EF4}.Debug|Any CPU.Build.0 = Debug|x64
		{9E5450F1-EBD3-4CFB-846C-B2FB0E11FCD0}.Debug|x64.ActiveCfg = Debug|x64
		{9E5450F1-EBD3-4CFB-846C-B2FB0E11FCD0}.Debug|x64.Build.0 = Debug|x64
		{9E5450F1-EBD3-4CFB-846C-B2FB0E11FCD0}.Release|Any CPU.ActiveCfg = Release|Any CPU
		{9E5450F1-EBD3-4CFB-846C-B2FB0E11FCD0}.Release|Any CPU.Build.0 = Release|Any CPU
		{9E5450F1-EBD3-4CFB-846C-B2FB0E11FCD0}.Release|x64.ActiveCfg = Release|Any CPU
		{9E5450F1-EBD3-4CFB-846C-B2FB0E11FCD0}.Release|x64.Build.0 = Release|Any CPU
		{9E5450F1-EBD3-4CFB-846C-B2FB0E11FCD0}.Debug|Any CPU.ActiveCfg = Debug|x64
		{9E5450F1-EBD3-4CFB-846C-B2FB0E11FCD0}.Debug|Any CPU.Build.0 = Debug|x64
		{94F005CA-07DA-4701-9E3B-488B8798F2B4}.Debug|x64.ActiveCfg = Debug|x64
		{94F005CA-07DA-4701-9E3B-488B8798F2B4}.Debug|x64.Build.0 = Debug|x64
		{94F005CA-07DA-4701-9E3B-488B8798F2B4}.Release|Any CPU.ActiveCfg = Release|Any CPU
		{94F005CA-07DA-4701-9E3B-488B8798F2B4}.Release|Any CPU.Build.0 = Release|Any CPU
		{94F005CA-07DA-4701-9E3B-488B8798F2B4}.Release|x64.ActiveCfg = Release|Any CPU
		{94F005CA-07DA-4701-9E3B-488B8798F2B4}.Release|x64.Build.0 = Release|Any CPU
		{94F005CA-07DA-4701-9E3B-488B8798F2B4}.Debug|Any CPU.ActiveCfg = Debug|x64
		{94F005CA-07DA-4701-9E3B-488B8798F2B4}.Debug|Any CPU.Build.0 = Debug|x64
		{94F005CA-07DA-4701-9E3B-488B8798F2B4}.Debug|Any CPU.ActiveCfg = Debug|x64
		{94F005CA-07DA-4701-9E3B-488B8798F2B4}.Debug|Any CPU.Build.0 = Debug|x64
		{A472A3C1-99A2-4777-B39E-16857AAEEC54}.Debug|x64.ActiveCfg = Debug|x64
		{A472A3C1-99A2-4777-B39E-16857AAEEC54}.Debug|x64.Build.0 = Debug|x64
		{A472A3C1-99A2-4777-B39E-16857AAEEC54}.Release|Any CPU.ActiveCfg = Release|Any CPU
		{A472A3C1-99A2-4777-B39E-16857AAEEC54}.Release|Any CPU.Build.0 = Release|Any CPU
		{A472A3C1-99A2-4777-B39E-16857AAEEC54}.Release|x64.ActiveCfg = Release|x64
		{A472A3C1-99A2-4777-B39E-16857AAEEC54}.Release|x64.Build.0 = Release|x64
		{A472A3C1-99A2-4777-B39E-16857AAEEC54}.Debug|Any CPU.ActiveCfg = Debug|x64
		{A472A3C1-99A2-4777-B39E-16857AAEEC54}.Debug|Any CPU.Build.0 = Debug|x64
		{C5B9CA38-3883-40CA-A0AF-AC0C843A89A2}.Debug|x64.ActiveCfg = Debug|x64
		{C5B9CA38-3883-40CA-A0AF-AC0C843A89A2}.Debug|x64.Build.0 = Debug|x64
		{C5B9CA38-3883-40CA-A0AF-AC0C843A89A2}.Release|Any CPU.ActiveCfg = Release|Any CPU
		{C5B9CA38-3883-40CA-A0AF-AC0C843A89A2}.Release|Any CPU.Build.0 = Release|Any CPU
		{C5B9CA38-3883-40CA-A0AF-AC0C843A89A2}.Release|x64.ActiveCfg = Release|x64
		{C5B9CA38-3883-40CA-A0AF-AC0C843A89A2}.Release|x64.Build.0 = Release|x64
		{C5B9CA38-3883-40CA-A0AF-AC0C843A89A2}.Debug|Any CPU.ActiveCfg = Debug|x64
		{C5B9CA38-3883-40CA-A0AF-AC0C843A89A2}.Debug|Any CPU.Build.0 = Debug|x64
		{CFAC940F-419B-4962-B04B-73A1EEC0A799}.Debug|x64.ActiveCfg = Debug|x64
		{CFAC940F-419B-4962-B04B-73A1EEC0A799}.Debug|x64.Build.0 = Debug|x64
		{CFAC940F-419B-4962-B04B-73A1EEC0A799}.Release|Any CPU.ActiveCfg = Release|Any CPU
		{CFAC940F-419B-4962-B04B-73A1EEC0A799}.Release|Any CPU.Build.0 = Release|Any CPU
		{CFAC940F-419B-4962-B04B-73A1EEC0A799}.Release|x64.ActiveCfg = Release|x64
		{CFAC940F-419B-4962-B04B-73A1EEC0A799}.Release|x64.Build.0 = Release|x64
		{CFAC940F-419B-4962-B04B-73A1EEC0A799}.Debug|Any CPU.ActiveCfg = Debug|x64
		{CFAC940F-419B-4962-B04B-73A1EEC0A799}.Debug|Any CPU.Build.0 = Debug|x64
		{78FC7188-F75F-4802-BB45-816CE219FAB5}.Debug|Any CPU.ActiveCfg = Debug|Any CPU
		{78FC7188-F75F-4802-BB45-816CE219FAB5}.Debug|Any CPU.Build.0 = Debug|Any CPU
		{78FC7188-F75F-4802-BB45-816CE219FAB5}.Debug|x64.ActiveCfg = Debug|Any CPU
		{78FC7188-F75F-4802-BB45-816CE219FAB5}.Debug|x64.Build.0 = Debug|Any CPU
		{78FC7188-F75F-4802-BB45-816CE219FAB5}.Release|Any CPU.ActiveCfg = Release|Any CPU
		{78FC7188-F75F-4802-BB45-816CE219FAB5}.Release|Any CPU.Build.0 = Release|Any CPU
		{78FC7188-F75F-4802-BB45-816CE219FAB5}.Release|x64.ActiveCfg = Release|Any CPU
		{78FC7188-F75F-4802-BB45-816CE219FAB5}.Release|x64.Build.0 = Release|Any CPU
	EndGlobalSection
	GlobalSection(SolutionProperties) = preSolution
		HideSolutionNode = FALSE
	EndGlobalSection
	GlobalSection(NestedProjects) = preSolution
		{E598A6F2-DE2C-4591-966C-D6BB39D667B3} = {3A783815-220B-420E-80CE-4CD4805A0834}
	EndGlobalSection
	GlobalSection(ExtensibilityGlobals) = postSolution
		SolutionGuid = {DC88E606-C87C-4FA7-8A47-4A2BD89517F9}
	EndGlobalSection
EndGlobal
