
Microsoft Visual Studio Solution File, Format Version 12.00
# Visual Studio Version 17
VisualStudioVersion = 17.0.31903.59
MinimumVisualStudioVersion = 10.0.40219.1
Project("{2150E333-8FDC-42A3-9474-1A3956D46DE8}") = "Tests", "Tests", "{0AB3BF05-4346-4AA6-1389-037BE0695223}"
EndProject
Project("{FAE04EC0-301F-11D3-BF4B-00C04F79EFBC}") = "Adamantium.Engine.GraphicsTests", "Tests\Adamantium.Engine.GraphicsTests\Adamantium.Engine.GraphicsTests.csproj", "{89649CEF-0D9B-4294-A6FC-3CB8D59BE3C1}"
EndProject
Project("{FAE04EC0-301F-11D3-BF4B-00C04F79EFBC}") = "Adamantium.Graphics.Core", "Adamantium.Graphics.Core\Adamantium.Graphics.Core.csproj", "{BC500346-78B5-4F95-B849-86719BC7F0E2}"
EndProject
Project("{FAE04EC0-301F-11D3-BF4B-00C04F79EFBC}") = "Adamantium.Vulkan", "..\..\AdamantiumVulkan\Adamantium.Vulkan\Adamantium.Vulkan.csproj", "{9768E55B-EB25-40E4-BE19-336026DDC221}"
EndProject
Project("{FAE04EC0-301F-11D3-BF4B-00C04F79EFBC}") = "QuantumBinding.Utils", "..\..\QuantumBinding\QuantumBinding.Utils\QuantumBinding.Utils.csproj", "{D047F938-1728-4BDD-A083-CFF904C4D6BE}"
EndProject
Project("{FAE04EC0-301F-11D3-BF4B-00C04F79EFBC}") = "Adamantium.EffectsCompiler", "Adamantium.EffectsCompiler\Adamantium.EffectsCompiler.csproj", "{54E5ADC1-D038-4708-BA9F-8F5FC084A93A}"
EndProject
Project("{FAE04EC0-301F-11D3-BF4B-00C04F79EFBC}") = "Adamantium.Core", "Adamantium.Core\Adamantium.Core.csproj", "{7A335116-2943-4E13-9A2D-A9582AE15F35}"
EndProject
Project("{FAE04EC0-301F-11D3-BF4B-00C04F79EFBC}") = "Adamantium.Mathematics", "Adamantium.Mathematics\Adamantium.Mathematics.csproj", "{A830FCE5-2F79-49C0-BBE5-374587A7C99D}"
EndProject
Project("{FAE04EC0-301F-11D3-BF4B-00C04F79EFBC}") = "Adamantium.Imaging", "Adamantium.Imaging\Adamantium.Imaging.csproj", "{EA2D6F68-83F6-4785-986B-A7398DAC0127}"
EndProject
Project("{FAE04EC0-301F-11D3-BF4B-00C04F79EFBC}") = "Adamantium.Graphics", "Adamantium.Graphics\Adamantium.Graphics.csproj", "{0752020B-FB29-4D06-B944-4EB7F85AAB43}"
EndProject
Project("{FAE04EC0-301F-11D3-BF4B-00C04F79EFBC}") = "Adamantium.Engine.Compiler", "Adamantium.Engine.Compiler\Adamantium.Engine.Compiler.csproj", "{62E5A642-BEFE-4B55-8D97-2862A7436FA0}"
EndProject
Project("{FAE04EC0-301F-11D3-BF4B-00C04F79EFBC}") = "Adamantium.Win32", "Adamantium.Win32\Adamantium.Win32.csproj", "{561BF526-D442-4B41-9AD8-BD954DF15B5C}"
EndProject
Project("{FAE04EC0-301F-11D3-BF4B-00C04F79EFBC}") = "Adamantium.FX", "Adamantium.FX\Adamantium.FX.csproj", "{C32DA0AE-11CF-4707-8BE8-A13E658E50D0}"
EndProject
Project("{FAE04EC0-301F-11D3-BF4B-00C04F79EFBC}") = "Adamantium.Engine.Generators", "Adamantium.Engine.Generators\Adamantium.Engine.Generators.csproj", "{48173C3B-19E2-4C7E-A26F-AEE89E3AEE68}"
EndProject
Project("{FAE04EC0-301F-11D3-BF4B-00C04F79EFBC}") = "Adamantium.Fonts", "Adamantium.Fonts\Adamantium.Fonts.csproj", "{0DA61AB6-FC57-4747-A31C-B658DF2158C6}"
EndProject
Project("{FAE04EC0-301F-11D3-BF4B-00C04F79EFBC}") = "Adamantium.Engine.CompilerTests", "Tests\Adamantium.Engine.CompilerTests\Adamantium.Engine.CompilerTests.csproj", "{DA707A12-4080-4D9F-90E2-BA848466BB21}"
EndProject
Project("{FAE04EC0-301F-11D3-BF4B-00C04F79EFBC}") = "Adamantium.CoreTests", "Tests\Adamantium.CoreTests\Adamantium.CoreTests.csproj", "{BE412E10-8899-4C19-9E9E-6F7C36BDBBF4}"
EndProject
Project("{FAE04EC0-301F-11D3-BF4B-00C04F79EFBC}") = "Adamantium.UITests", "Tests\Adamantium.UITests\Adamantium.UITests.csproj", "{62B409DF-B985-41AD-8767-D45381FDA5A8}"
EndProject
Project("{FAE04EC0-301F-11D3-BF4B-00C04F79EFBC}") = "Adamantium.UI", "Adamantium.UI\Adamantium.UI.csproj", "{6C8541A0-09CD-4641-B51C-E2A1EF23A6FB}"
EndProject
Project("{FAE04EC0-301F-11D3-BF4B-00C04F79EFBC}") = "Adamantium.ECS", "Adamantium.ECS\Adamantium.ECS.csproj", "{19755FB9-534B-42FD-9570-CF5DDC5A9EC2}"
EndProject
Project("{FAE04EC0-301F-11D3-BF4B-00C04F79EFBC}") = "Adamantium.ProceduralGeometry", "Adamantium.ProceduralGeometry\Adamantium.ProceduralGeometry.csproj", "{D7EB1DE7-49B4-4B95-B763-ECB104BD453E}"
EndProject
Project("{FAE04EC0-301F-11D3-BF4B-00C04F79EFBC}") = "Adamantium.MVVM", "Adamantium.MVVM\Adamantium.MVVM.csproj", "{A70B0031-48DA-4895-A254-FA1C2F8AB550}"
EndProject
Project("{FAE04EC0-301F-11D3-BF4B-00C04F79EFBC}") = "Adamantium.MVVM.Generators", "Adamantium.MVVM.Generators\Adamantium.MVVM.Generators.csproj", "{6D0648C8-74A4-42B9-A33D-3A62815D1C35}"
EndProject
Project("{FAE04EC0-301F-11D3-BF4B-00C04F79EFBC}") = "Adamantium.MacOS", "Adamantium.MacOS\Adamantium.MacOS.csproj", "{2283120B-9584-4BE1-AC7C-3D91A02DD9AD}"
EndProject
Project("{FAE04EC0-301F-11D3-BF4B-00C04F79EFBC}") = "Adamantium.UI.Controls", "Adamantium.UI.Controls\Adamantium.UI.Controls.csproj", "{3EB99EC8-E43C-45BD-8A22-8F32832834E7}"
EndProject
Project("{FAE04EC0-301F-11D3-BF4B-00C04F79EFBC}") = "Adamantium.UI.Core", "Adamantium.UI.Core\Adamantium.UI.Core.csproj", "{9DCAAC1E-7CB3-4A0F-9939-DAD1857441BA}"
EndProject
Project("{FAE04EC0-301F-11D3-BF4B-00C04F79EFBC}") = "Adamantium.Navigation", "Adamantium.Navigation\Adamantium.Navigation.csproj", "{FF370819-6F3C-4B88-B8DE-8D02599F4EAA}"
EndProject
Project("{FAE04EC0-301F-11D3-BF4B-00C04F79EFBC}") = "Adamantium.UI.Markup", "Adamantium.UI.Markup\Adamantium.UI.Markup.csproj", "{04B4BBF5-76F9-4284-AFB4-7BCB707A0581}"
EndProject
Project("{FAE04EC0-301F-11D3-BF4B-00C04F79EFBC}") = "Adamantium.UI.Themes", "Adamantium.UI.Themes\Adamantium.UI.Themes.csproj", "{046078B5-3119-4814-93B2-AE3374EA9113}"
EndProject
Project("{FAE04EC0-301F-11D3-BF4B-00C04F79EFBC}") = "Adamantium.UI.Generators", "Adamantium.UI.Generators\Adamantium.UI.Generators.csproj", "{B9A377AE-9D24-449A-9656-B0B092F15C22}"
EndProject
Project("{FAE04EC0-301F-11D3-BF4B-00C04F79EFBC}") = "Adamantium.Vulkan.Loader", "..\..\AdamantiumVulkan\Adamantium.Vulkan.Loader\Adamantium.Vulkan.Loader.csproj", "{702856C6-71E3-4728-9755-C37A7E09A615}"
EndProject
Project("{FAE04EC0-301F-11D3-BF4B-00C04F79EFBC}") = "Adamantium.MathTests", "Tests\Adamantium.MathTests\Adamantium.MathTests.csproj", "{E4D943DC-DC75-4314-84E5-54408E05682E}"
EndProject
Project("{FAE04EC0-301F-11D3-BF4B-00C04F79EFBC}") = "Adamantium.FontTests", "Tests\Adamantium.FontTests\Adamantium.FontTests.csproj", "{B23BBEB6-4953-4C91-A606-8A5268114882}"
EndProject
Project("{FAE04EC0-301F-11D3-BF4B-00C04F79EFBC}") = "Adamantium.XamlTests", "Tests\Adamantium.XamlTests\Adamantium.XamlTests.csproj", "{56BE44A5-3B44-48F2-9320-6A79787FC8F3}"
EndProject
Project("{FAE04EC0-301F-11D3-BF4B-00C04F79EFBC}") = "Adamantium.MVVM.Tests", "Tests\Adamantium.MVVM.Tests\Adamantium.MVVM.Tests.csproj", "{057205E1-4CF8-4C87-B465-C1D52F53D4B5}"
EndProject
Global
	GlobalSection(SolutionConfigurationPlatforms) = preSolution
		Debug|Any CPU = Debug|Any CPU
		Debug|x64 = Debug|x64
		Debug|x86 = Debug|x86
		Release|Any CPU = Release|Any CPU
		Release|x64 = Release|x64
		Release|x86 = Release|x86
	EndGlobalSection
	GlobalSection(ProjectConfigurationPlatforms) = postSolution
		{89649CEF-0D9B-4294-A6FC-3CB8D59BE3C1}.Debug|Any CPU.ActiveCfg = Debug|x64
		{89649CEF-0D9B-4294-A6FC-3CB8D59BE3C1}.Debug|Any CPU.Build.0 = Debug|x64
		{89649CEF-0D9B-4294-A6FC-3CB8D59BE3C1}.Debug|x64.ActiveCfg = Debug|x64
		{89649CEF-0D9B-4294-A6FC-3CB8D59BE3C1}.Debug|x64.Build.0 = Debug|x64
		{89649CEF-0D9B-4294-A6FC-3CB8D59BE3C1}.Debug|x86.ActiveCfg = Debug|x64
		{89649CEF-0D9B-4294-A6FC-3CB8D59BE3C1}.Debug|x86.Build.0 = Debug|x64
		{89649CEF-0D9B-4294-A6FC-3CB8D59BE3C1}.Release|Any CPU.ActiveCfg = Release|x64
		{89649CEF-0D9B-4294-A6FC-3CB8D59BE3C1}.Release|Any CPU.Build.0 = Release|x64
		{89649CEF-0D9B-4294-A6FC-3CB8D59BE3C1}.Release|x64.ActiveCfg = Release|x64
		{89649CEF-0D9B-4294-A6FC-3CB8D59BE3C1}.Release|x64.Build.0 = Release|x64
		{89649CEF-0D9B-4294-A6FC-3CB8D59BE3C1}.Release|x86.ActiveCfg = Release|x64
		{89649CEF-0D9B-4294-A6FC-3CB8D59BE3C1}.Release|x86.Build.0 = Release|x64
		{BC500346-78B5-4F95-B849-86719BC7F0E2}.Debug|Any CPU.ActiveCfg = Debug|x64
		{BC500346-78B5-4F95-B849-86719BC7F0E2}.Debug|Any CPU.Build.0 = Debug|x64
		{BC500346-78B5-4F95-B849-86719BC7F0E2}.Debug|x64.ActiveCfg = Debug|x64
		{BC500346-78B5-4F95-B849-86719BC7F0E2}.Debug|x64.Build.0 = Debug|x64
		{BC500346-78B5-4F95-B849-86719BC7F0E2}.Debug|x86.ActiveCfg = Debug|x64
		{BC500346-78B5-4F95-B849-86719BC7F0E2}.Debug|x86.Build.0 = Debug|x64
		{BC500346-78B5-4F95-B849-86719BC7F0E2}.Release|Any CPU.ActiveCfg = Release|x64
		{BC500346-78B5-4F95-B849-86719BC7F0E2}.Release|Any CPU.Build.0 = Release|x64
		{BC500346-78B5-4F95-B849-86719BC7F0E2}.Release|x64.ActiveCfg = Release|x64
		{BC500346-78B5-4F95-B849-86719BC7F0E2}.Release|x64.Build.0 = Release|x64
		{BC500346-78B5-4F95-B849-86719BC7F0E2}.Release|x86.ActiveCfg = Release|x64
		{BC500346-78B5-4F95-B849-86719BC7F0E2}.Release|x86.Build.0 = Release|x64
		{9768E55B-EB25-40E4-BE19-336026DDC221}.Debug|Any CPU.ActiveCfg = Debug|x64
		{9768E55B-EB25-40E4-BE19-336026DDC221}.Debug|Any CPU.Build.0 = Debug|x64
		{9768E55B-EB25-40E4-BE19-336026DDC221}.Debug|x64.ActiveCfg = Debug|x64
		{9768E55B-EB25-40E4-BE19-336026DDC221}.Debug|x64.Build.0 = Debug|x64
		{9768E55B-EB25-40E4-BE19-336026DDC221}.Debug|x86.ActiveCfg = Debug|x64
		{9768E55B-EB25-40E4-BE19-336026DDC221}.Debug|x86.Build.0 = Debug|x64
		{9768E55B-EB25-40E4-BE19-336026DDC221}.Release|Any CPU.ActiveCfg = Release|x64
		{9768E55B-EB25-40E4-BE19-336026DDC221}.Release|Any CPU.Build.0 = Release|x64
		{9768E55B-EB25-40E4-BE19-336026DDC221}.Release|x64.ActiveCfg = Release|x64
		{9768E55B-EB25-40E4-BE19-336026DDC221}.Release|x64.Build.0 = Release|x64
		{9768E55B-EB25-40E4-BE19-336026DDC221}.Release|x86.ActiveCfg = Release|x64
		{9768E55B-EB25-40E4-BE19-336026DDC221}.Release|x86.Build.0 = Release|x64
		{D047F938-1728-4BDD-A083-CFF904C4D6BE}.Debug|Any CPU.ActiveCfg = Debug|x64
		{D047F938-1728-4BDD-A083-CFF904C4D6BE}.Debug|Any CPU.Build.0 = Debug|x64
		{D047F938-1728-4BDD-A083-CFF904C4D6BE}.Debug|x64.ActiveCfg = Debug|x64
		{D047F938-1728-4BDD-A083-CFF904C4D6BE}.Debug|x64.Build.0 = Debug|x64
		{D047F938-1728-4BDD-A083-CFF904C4D6BE}.Debug|x86.ActiveCfg = Debug|x64
		{D047F938-1728-4BDD-A083-CFF904C4D6BE}.Debug|x86.Build.0 = Debug|x64
		{D047F938-1728-4BDD-A083-CFF904C4D6BE}.Release|Any CPU.ActiveCfg = Release|x64
		{D047F938-1728-4BDD-A083-CFF904C4D6BE}.Release|Any CPU.Build.0 = Release|x64
		{D047F938-1728-4BDD-A083-CFF904C4D6BE}.Release|x64.ActiveCfg = Release|x64
		{D047F938-1728-4BDD-A083-CFF904C4D6BE}.Release|x64.Build.0 = Release|x64
		{D047F938-1728-4BDD-A083-CFF904C4D6BE}.Release|x86.ActiveCfg = Release|x64
		{D047F938-1728-4BDD-A083-CFF904C4D6BE}.Release|x86.Build.0 = Release|x64
		{54E5ADC1-D038-4708-BA9F-8F5FC084A93A}.Debug|Any CPU.ActiveCfg = Debug|x64
		{54E5ADC1-D038-4708-BA9F-8F5FC084A93A}.Debug|Any CPU.Build.0 = Debug|x64
		{54E5ADC1-D038-4708-BA9F-8F5FC084A93A}.Debug|x64.ActiveCfg = Debug|x64
		{54E5ADC1-D038-4708-BA9F-8F5FC084A93A}.Debug|x64.Build.0 = Debug|x64
		{54E5ADC1-D038-4708-BA9F-8F5FC084A93A}.Debug|x86.ActiveCfg = Debug|x64
		{54E5ADC1-D038-4708-BA9F-8F5FC084A93A}.Debug|x86.Build.0 = Debug|x64
		{54E5ADC1-D038-4708-BA9F-8F5FC084A93A}.Release|Any CPU.ActiveCfg = Release|x64
		{54E5ADC1-D038-4708-BA9F-8F5FC084A93A}.Release|Any CPU.Build.0 = Release|x64
		{54E5ADC1-D038-4708-BA9F-8F5FC084A93A}.Release|x64.ActiveCfg = Release|x64
		{54E5ADC1-D038-4708-BA9F-8F5FC084A93A}.Release|x64.Build.0 = Release|x64
		{54E5ADC1-D038-4708-BA9F-8F5FC084A93A}.Release|x86.ActiveCfg = Release|x64
		{54E5ADC1-D038-4708-BA9F-8F5FC084A93A}.Release|x86.Build.0 = Release|x64
		{7A335116-2943-4E13-9A2D-A9582AE15F35}.Debug|Any CPU.ActiveCfg = Debug|x64
		{7A335116-2943-4E13-9A2D-A9582AE15F35}.Debug|Any CPU.Build.0 = Debug|x64
		{7A335116-2943-4E13-9A2D-A9582AE15F35}.Debug|x64.ActiveCfg = Debug|x64
		{7A335116-2943-4E13-9A2D-A9582AE15F35}.Debug|x64.Build.0 = Debug|x64
		{7A335116-2943-4E13-9A2D-A9582AE15F35}.Debug|x86.ActiveCfg = Debug|x64
		{7A335116-2943-4E13-9A2D-A9582AE15F35}.Debug|x86.Build.0 = Debug|x64
		{7A335116-2943-4E13-9A2D-A9582AE15F35}.Release|Any CPU.ActiveCfg = Release|x64
		{7A335116-2943-4E13-9A2D-A9582AE15F35}.Release|Any CPU.Build.0 = Release|x64
		{7A335116-2943-4E13-9A2D-A9582AE15F35}.Release|x64.ActiveCfg = Release|x64
		{7A335116-2943-4E13-9A2D-A9582AE15F35}.Release|x64.Build.0 = Release|x64
		{7A335116-2943-4E13-9A2D-A9582AE15F35}.Release|x86.ActiveCfg = Release|x64
		{7A335116-2943-4E13-9A2D-A9582AE15F35}.Release|x86.Build.0 = Release|x64
		{A830FCE5-2F79-49C0-BBE5-374587A7C99D}.Debug|Any CPU.ActiveCfg = Debug|x64
		{A830FCE5-2F79-49C0-BBE5-374587A7C99D}.Debug|Any CPU.Build.0 = Debug|x64
		{A830FCE5-2F79-49C0-BBE5-374587A7C99D}.Debug|x64.ActiveCfg = Debug|x64
		{A830FCE5-2F79-49C0-BBE5-374587A7C99D}.Debug|x64.Build.0 = Debug|x64
		{A830FCE5-2F79-49C0-BBE5-374587A7C99D}.Debug|x86.ActiveCfg = Debug|x64
		{A830FCE5-2F79-49C0-BBE5-374587A7C99D}.Debug|x86.Build.0 = Debug|x64
		{A830FCE5-2F79-49C0-BBE5-374587A7C99D}.Release|Any CPU.ActiveCfg = Release|x64
		{A830FCE5-2F79-49C0-BBE5-374587A7C99D}.Release|Any CPU.Build.0 = Release|x64
		{A830FCE5-2F79-49C0-BBE5-374587A7C99D}.Release|x64.ActiveCfg = Release|x64
		{A830FCE5-2F79-49C0-BBE5-374587A7C99D}.Release|x64.Build.0 = Release|x64
		{A830FCE5-2F79-49C0-BBE5-374587A7C99D}.Release|x86.ActiveCfg = Release|x64
		{A830FCE5-2F79-49C0-BBE5-374587A7C99D}.Release|x86.Build.0 = Release|x64
		{EA2D6F68-83F6-4785-986B-A7398DAC0127}.Debug|Any CPU.ActiveCfg = Debug|x64
		{EA2D6F68-83F6-4785-986B-A7398DAC0127}.Debug|Any CPU.Build.0 = Debug|x64
		{EA2D6F68-83F6-4785-986B-A7398DAC0127}.Debug|x64.ActiveCfg = Debug|x64
		{EA2D6F68-83F6-4785-986B-A7398DAC0127}.Debug|x64.Build.0 = Debug|x64
		{EA2D6F68-83F6-4785-986B-A7398DAC0127}.Debug|x86.ActiveCfg = Debug|x64
		{EA2D6F68-83F6-4785-986B-A7398DAC0127}.Debug|x86.Build.0 = Debug|x64
		{EA2D6F68-83F6-4785-986B-A7398DAC0127}.Release|Any CPU.ActiveCfg = Release|x64
		{EA2D6F68-83F6-4785-986B-A7398DAC0127}.Release|Any CPU.Build.0 = Release|x64
		{EA2D6F68-83F6-4785-986B-A7398DAC0127}.Release|x64.ActiveCfg = Release|x64
		{EA2D6F68-83F6-4785-986B-A7398DAC0127}.Release|x64.Build.0 = Release|x64
		{EA2D6F68-83F6-4785-986B-A7398DAC0127}.Release|x86.ActiveCfg = Release|x64
		{EA2D6F68-83F6-4785-986B-A7398DAC0127}.Release|x86.Build.0 = Release|x64
		{0752020B-FB29-4D06-B944-4EB7F85AAB43}.Debug|Any CPU.ActiveCfg = Debug|x64
		{0752020B-FB29-4D06-B944-4EB7F85AAB43}.Debug|Any CPU.Build.0 = Debug|x64
		{0752020B-FB29-4D06-B944-4EB7F85AAB43}.Debug|x64.ActiveCfg = Debug|x64
		{0752020B-FB29-4D06-B944-4EB7F85AAB43}.Debug|x64.Build.0 = Debug|x64
		{0752020B-FB29-4D06-B944-4EB7F85AAB43}.Debug|x86.ActiveCfg = Debug|x64
		{0752020B-FB29-4D06-B944-4EB7F85AAB43}.Debug|x86.Build.0 = Debug|x64
		{0752020B-FB29-4D06-B944-4EB7F85AAB43}.Release|Any CPU.ActiveCfg = Release|x64
		{0752020B-FB29-4D06-B944-4EB7F85AAB43}.Release|Any CPU.Build.0 = Release|x64
		{0752020B-FB29-4D06-B944-4EB7F85AAB43}.Release|x64.ActiveCfg = Release|x64
		{0752020B-FB29-4D06-B944-4EB7F85AAB43}.Release|x64.Build.0 = Release|x64
		{0752020B-FB29-4D06-B944-4EB7F85AAB43}.Release|x86.ActiveCfg = Release|x64
		{0752020B-FB29-4D06-B944-4EB7F85AAB43}.Release|x86.Build.0 = Release|x64
		{62E5A642-BEFE-4B55-8D97-2862A7436FA0}.Debug|Any CPU.ActiveCfg = Debug|x64
		{62E5A642-BEFE-4B55-8D97-2862A7436FA0}.Debug|Any CPU.Build.0 = Debug|x64
		{62E5A642-BEFE-4B55-8D97-2862A7436FA0}.Debug|x64.ActiveCfg = Debug|x64
		{62E5A642-BEFE-4B55-8D97-2862A7436FA0}.Debug|x64.Build.0 = Debug|x64
		{62E5A642-BEFE-4B55-8D97-2862A7436FA0}.Debug|x86.ActiveCfg = Debug|x64
		{62E5A642-BEFE-4B55-8D97-2862A7436FA0}.Debug|x86.Build.0 = Debug|x64
		{62E5A642-BEFE-4B55-8D97-2862A7436FA0}.Release|Any CPU.ActiveCfg = Release|x64
		{62E5A642-BEFE-4B55-8D97-2862A7436FA0}.Release|Any CPU.Build.0 = Release|x64
		{62E5A642-BEFE-4B55-8D97-2862A7436FA0}.Release|x64.ActiveCfg = Release|x64
		{62E5A642-BEFE-4B55-8D97-2862A7436FA0}.Release|x64.Build.0 = Release|x64
		{62E5A642-BEFE-4B55-8D97-2862A7436FA0}.Release|x86.ActiveCfg = Release|x64
		{62E5A642-BEFE-4B55-8D97-2862A7436FA0}.Release|x86.Build.0 = Release|x64
		{561BF526-D442-4B41-9AD8-BD954DF15B5C}.Debug|Any CPU.ActiveCfg = Debug|x64
		{561BF526-D442-4B41-9AD8-BD954DF15B5C}.Debug|Any CPU.Build.0 = Debug|x64
		{561BF526-D442-4B41-9AD8-BD954DF15B5C}.Debug|x64.ActiveCfg = Debug|x64
		{561BF526-D442-4B41-9AD8-BD954DF15B5C}.Debug|x64.Build.0 = Debug|x64
		{561BF526-D442-4B41-9AD8-BD954DF15B5C}.Debug|x86.ActiveCfg = Debug|x64
		{561BF526-D442-4B41-9AD8-BD954DF15B5C}.Debug|x86.Build.0 = Debug|x64
		{561BF526-D442-4B41-9AD8-BD954DF15B5C}.Release|Any CPU.ActiveCfg = Release|x64
		{561BF526-D442-4B41-9AD8-BD954DF15B5C}.Release|Any CPU.Build.0 = Release|x64
		{561BF526-D442-4B41-9AD8-BD954DF15B5C}.Release|x64.ActiveCfg = Release|x64
		{561BF526-D442-4B41-9AD8-BD954DF15B5C}.Release|x64.Build.0 = Release|x64
		{561BF526-D442-4B41-9AD8-BD954DF15B5C}.Release|x86.ActiveCfg = Release|x64
		{561BF526-D442-4B41-9AD8-BD954DF15B5C}.Release|x86.Build.0 = Release|x64
		{C32DA0AE-11CF-4707-8BE8-A13E658E50D0}.Debug|Any CPU.ActiveCfg = Debug|x64
		{C32DA0AE-11CF-4707-8BE8-A13E658E50D0}.Debug|Any CPU.Build.0 = Debug|x64
		{C32DA0AE-11CF-4707-8BE8-A13E658E50D0}.Debug|x64.ActiveCfg = Debug|x64
		{C32DA0AE-11CF-4707-8BE8-A13E658E50D0}.Debug|x64.Build.0 = Debug|x64
		{C32DA0AE-11CF-4707-8BE8-A13E658E50D0}.Debug|x86.ActiveCfg = Debug|x64
		{C32DA0AE-11CF-4707-8BE8-A13E658E50D0}.Debug|x86.Build.0 = Debug|x64
		{C32DA0AE-11CF-4707-8BE8-A13E658E50D0}.Release|Any CPU.ActiveCfg = Release|x64
		{C32DA0AE-11CF-4707-8BE8-A13E658E50D0}.Release|Any CPU.Build.0 = Release|x64
		{C32DA0AE-11CF-4707-8BE8-A13E658E50D0}.Release|x64.ActiveCfg = Release|x64
		{C32DA0AE-11CF-4707-8BE8-A13E658E50D0}.Release|x64.Build.0 = Release|x64
		{C32DA0AE-11CF-4707-8BE8-A13E658E50D0}.Release|x86.ActiveCfg = Release|x64
		{C32DA0AE-11CF-4707-8BE8-A13E658E50D0}.Release|x86.Build.0 = Release|x64
		{48173C3B-19E2-4C7E-A26F-AEE89E3AEE68}.Debug|Any CPU.ActiveCfg = Debug|x64
		{48173C3B-19E2-4C7E-A26F-AEE89E3AEE68}.Debug|Any CPU.Build.0 = Debug|x64
		{48173C3B-19E2-4C7E-A26F-AEE89E3AEE68}.Debug|x64.ActiveCfg = Debug|x64
		{48173C3B-19E2-4C7E-A26F-AEE89E3AEE68}.Debug|x64.Build.0 = Debug|x64
		{48173C3B-19E2-4C7E-A26F-AEE89E3AEE68}.Debug|x86.ActiveCfg = Debug|x64
		{48173C3B-19E2-4C7E-A26F-AEE89E3AEE68}.Debug|x86.Build.0 = Debug|x64
		{48173C3B-19E2-4C7E-A26F-AEE89E3AEE68}.Release|Any CPU.ActiveCfg = Release|x64
		{48173C3B-19E2-4C7E-A26F-AEE89E3AEE68}.Release|Any CPU.Build.0 = Release|x64
		{48173C3B-19E2-4C7E-A26F-AEE89E3AEE68}.Release|x64.ActiveCfg = Release|x64
		{48173C3B-19E2-4C7E-A26F-AEE89E3AEE68}.Release|x64.Build.0 = Release|x64
		{48173C3B-19E2-4C7E-A26F-AEE89E3AEE68}.Release|x86.ActiveCfg = Release|x64
		{48173C3B-19E2-4C7E-A26F-AEE89E3AEE68}.Release|x86.Build.0 = Release|x64
		{0DA61AB6-FC57-4747-A31C-B658DF2158C6}.Debug|Any CPU.ActiveCfg = Debug|x64
		{0DA61AB6-FC57-4747-A31C-B658DF2158C6}.Debug|Any CPU.Build.0 = Debug|x64
		{0DA61AB6-FC57-4747-A31C-B658DF2158C6}.Debug|x64.ActiveCfg = Debug|x64
		{0DA61AB6-FC57-4747-A31C-B658DF2158C6}.Debug|x64.Build.0 = Debug|x64
		{0DA61AB6-FC57-4747-A31C-B658DF2158C6}.Debug|x86.ActiveCfg = Debug|x64
		{0DA61AB6-FC57-4747-A31C-B658DF2158C6}.Debug|x86.Build.0 = Debug|x64
		{0DA61AB6-FC57-4747-A31C-B658DF2158C6}.Release|Any CPU.ActiveCfg = Release|x64
		{0DA61AB6-FC57-4747-A31C-B658DF2158C6}.Release|Any CPU.Build.0 = Release|x64
		{0DA61AB6-FC57-4747-A31C-B658DF2158C6}.Release|x64.ActiveCfg = Release|x64
		{0DA61AB6-FC57-4747-A31C-B658DF2158C6}.Release|x64.Build.0 = Release|x64
		{0DA61AB6-FC57-4747-A31C-B658DF2158C6}.Release|x86.ActiveCfg = Release|x64
		{0DA61AB6-FC57-4747-A31C-B658DF2158C6}.Release|x86.Build.0 = Release|x64
		{DA707A12-4080-4D9F-90E2-BA848466BB21}.Debug|Any CPU.ActiveCfg = Debug|x64
		{DA707A12-4080-4D9F-90E2-BA848466BB21}.Debug|Any CPU.Build.0 = Debug|x64
		{DA707A12-4080-4D9F-90E2-BA848466BB21}.Debug|x64.ActiveCfg = Debug|x64
		{DA707A12-4080-4D9F-90E2-BA848466BB21}.Debug|x64.Build.0 = Debug|x64
		{DA707A12-4080-4D9F-90E2-BA848466BB21}.Debug|x86.ActiveCfg = Debug|x64
		{DA707A12-4080-4D9F-90E2-BA848466BB21}.Debug|x86.Build.0 = Debug|x64
		{DA707A12-4080-4D9F-90E2-BA848466BB21}.Release|Any CPU.ActiveCfg = Release|x64
		{DA707A12-4080-4D9F-90E2-BA848466BB21}.Release|Any CPU.Build.0 = Release|x64
		{DA707A12-4080-4D9F-90E2-BA848466BB21}.Release|x64.ActiveCfg = Release|x64
		{DA707A12-4080-4D9F-90E2-BA848466BB21}.Release|x64.Build.0 = Release|x64
		{DA707A12-4080-4D9F-90E2-BA848466BB21}.Release|x86.ActiveCfg = Release|x64
		{DA707A12-4080-4D9F-90E2-BA848466BB21}.Release|x86.Build.0 = Release|x64
		{BE412E10-8899-4C19-9E9E-6F7C36BDBBF4}.Debug|Any CPU.ActiveCfg = Debug|x64
		{BE412E10-8899-4C19-9E9E-6F7C36BDBBF4}.Debug|Any CPU.Build.0 = Debug|x64
		{BE412E10-8899-4C19-9E9E-6F7C36BDBBF4}.Debug|x64.ActiveCfg = Debug|x64
		{BE412E10-8899-4C19-9E9E-6F7C36BDBBF4}.Debug|x64.Build.0 = Debug|x64
		{BE412E10-8899-4C19-9E9E-6F7C36BDBBF4}.Debug|x86.ActiveCfg = Debug|x64
		{BE412E10-8899-4C19-9E9E-6F7C36BDBBF4}.Debug|x86.Build.0 = Debug|x64
		{BE412E10-8899-4C19-9E9E-6F7C36BDBBF4}.Release|Any CPU.ActiveCfg = Release|x64
		{BE412E10-8899-4C19-9E9E-6F7C36BDBBF4}.Release|Any CPU.Build.0 = Release|x64
		{BE412E10-8899-4C19-9E9E-6F7C36BDBBF4}.Release|x64.ActiveCfg = Release|x64
		{BE412E10-8899-4C19-9E9E-6F7C36BDBBF4}.Release|x64.Build.0 = Release|x64
		{BE412E10-8899-4C19-9E9E-6F7C36BDBBF4}.Release|x86.ActiveCfg = Release|x64
		{BE412E10-8899-4C19-9E9E-6F7C36BDBBF4}.Release|x86.Build.0 = Release|x64
		{62B409DF-B985-41AD-8767-D45381FDA5A8}.Debug|Any CPU.ActiveCfg = Debug|x64
		{62B409DF-B985-41AD-8767-D45381FDA5A8}.Debug|Any CPU.Build.0 = Debug|x64
		{62B409DF-B985-41AD-8767-D45381FDA5A8}.Debug|x64.ActiveCfg = Debug|x64
		{62B409DF-B985-41AD-8767-D45381FDA5A8}.Debug|x64.Build.0 = Debug|x64
		{62B409DF-B985-41AD-8767-D45381FDA5A8}.Debug|x86.ActiveCfg = Debug|x64
		{62B409DF-B985-41AD-8767-D45381FDA5A8}.Debug|x86.Build.0 = Debug|x64
		{62B409DF-B985-41AD-8767-D45381FDA5A8}.Release|Any CPU.ActiveCfg = Release|x64
		{62B409DF-B985-41AD-8767-D45381FDA5A8}.Release|Any CPU.Build.0 = Release|x64
		{62B409DF-B985-41AD-8767-D45381FDA5A8}.Release|x64.ActiveCfg = Release|x64
		{62B409DF-B985-41AD-8767-D45381FDA5A8}.Release|x64.Build.0 = Release|x64
		{62B409DF-B985-41AD-8767-D45381FDA5A8}.Release|x86.ActiveCfg = Release|x64
		{62B409DF-B985-41AD-8767-D45381FDA5A8}.Release|x86.Build.0 = Release|x64
		{6C8541A0-09CD-4641-B51C-E2A1EF23A6FB}.Debug|Any CPU.ActiveCfg = Debug|x64
		{6C8541A0-09CD-4641-B51C-E2A1EF23A6FB}.Debug|Any CPU.Build.0 = Debug|x64
		{6C8541A0-09CD-4641-B51C-E2A1EF23A6FB}.Debug|x64.ActiveCfg = Debug|x64
		{6C8541A0-09CD-4641-B51C-E2A1EF23A6FB}.Debug|x64.Build.0 = Debug|x64
		{6C8541A0-09CD-4641-B51C-E2A1EF23A6FB}.Debug|x86.ActiveCfg = Debug|x64
		{6C8541A0-09CD-4641-B51C-E2A1EF23A6FB}.Debug|x86.Build.0 = Debug|x64
		{6C8541A0-09CD-4641-B51C-E2A1EF23A6FB}.Release|Any CPU.ActiveCfg = Release|x64
		{6C8541A0-09CD-4641-B51C-E2A1EF23A6FB}.Release|Any CPU.Build.0 = Release|x64
		{6C8541A0-09CD-4641-B51C-E2A1EF23A6FB}.Release|x64.ActiveCfg = Release|x64
		{6C8541A0-09CD-4641-B51C-E2A1EF23A6FB}.Release|x64.Build.0 = Release|x64
		{6C8541A0-09CD-4641-B51C-E2A1EF23A6FB}.Release|x86.ActiveCfg = Release|x64
		{6C8541A0-09CD-4641-B51C-E2A1EF23A6FB}.Release|x86.Build.0 = Release|x64
		{19755FB9-534B-42FD-9570-CF5DDC5A9EC2}.Debug|Any CPU.ActiveCfg = Debug|x64
		{19755FB9-534B-42FD-9570-CF5DDC5A9EC2}.Debug|Any CPU.Build.0 = Debug|x64
		{19755FB9-534B-42FD-9570-CF5DDC5A9EC2}.Debug|x64.ActiveCfg = Debug|x64
		{19755FB9-534B-42FD-9570-CF5DDC5A9EC2}.Debug|x64.Build.0 = Debug|x64
		{19755FB9-534B-42FD-9570-CF5DDC5A9EC2}.Debug|x86.ActiveCfg = Debug|x64
		{19755FB9-534B-42FD-9570-CF5DDC5A9EC2}.Debug|x86.Build.0 = Debug|x64
		{19755FB9-534B-42FD-9570-CF5DDC5A9EC2}.Release|Any CPU.ActiveCfg = Release|x64
		{19755FB9-534B-42FD-9570-CF5DDC5A9EC2}.Release|Any CPU.Build.0 = Release|x64
		{19755FB9-534B-42FD-9570-CF5DDC5A9EC2}.Release|x64.ActiveCfg = Release|x64
		{19755FB9-534B-42FD-9570-CF5DDC5A9EC2}.Release|x64.Build.0 = Release|x64
		{19755FB9-534B-42FD-9570-CF5DDC5A9EC2}.Release|x86.ActiveCfg = Release|x64
		{19755FB9-534B-42FD-9570-CF5DDC5A9EC2}.Release|x86.Build.0 = Release|x64
		{D7EB1DE7-49B4-4B95-B763-ECB104BD453E}.Debug|Any CPU.ActiveCfg = Debug|x64
		{D7EB1DE7-49B4-4B95-B763-ECB104BD453E}.Debug|Any CPU.Build.0 = Debug|x64
		{D7EB1DE7-49B4-4B95-B763-ECB104BD453E}.Debug|x64.ActiveCfg = Debug|x64
		{D7EB1DE7-49B4-4B95-B763-ECB104BD453E}.Debug|x64.Build.0 = Debug|x64
		{D7EB1DE7-49B4-4B95-B763-ECB104BD453E}.Debug|x86.ActiveCfg = Debug|x64
		{D7EB1DE7-49B4-4B95-B763-ECB104BD453E}.Debug|x86.Build.0 = Debug|x64
		{D7EB1DE7-49B4-4B95-B763-ECB104BD453E}.Release|Any CPU.ActiveCfg = Release|x64
		{D7EB1DE7-49B4-4B95-B763-ECB104BD453E}.Release|Any CPU.Build.0 = Release|x64
		{D7EB1DE7-49B4-4B95-B763-ECB104BD453E}.Release|x64.ActiveCfg = Release|x64
		{D7EB1DE7-49B4-4B95-B763-ECB104BD453E}.Release|x64.Build.0 = Release|x64
		{D7EB1DE7-49B4-4B95-B763-ECB104BD453E}.Release|x86.ActiveCfg = Release|x64
		{D7EB1DE7-49B4-4B95-B763-ECB104BD453E}.Release|x86.Build.0 = Release|x64
		{A70B0031-48DA-4895-A254-FA1C2F8AB550}.Debug|Any CPU.ActiveCfg = Debug|x64
		{A70B0031-48DA-4895-A254-FA1C2F8AB550}.Debug|Any CPU.Build.0 = Debug|x64
		{A70B0031-48DA-4895-A254-FA1C2F8AB550}.Debug|x64.ActiveCfg = Debug|x64
		{A70B0031-48DA-4895-A254-FA1C2F8AB550}.Debug|x64.Build.0 = Debug|x64
		{A70B0031-48DA-4895-A254-FA1C2F8AB550}.Debug|x86.ActiveCfg = Debug|x64
		{A70B0031-48DA-4895-A254-FA1C2F8AB550}.Debug|x86.Build.0 = Debug|x64
		{A70B0031-48DA-4895-A254-FA1C2F8AB550}.Release|Any CPU.ActiveCfg = Release|x64
		{A70B0031-48DA-4895-A254-FA1C2F8AB550}.Release|Any CPU.Build.0 = Release|x64
		{A70B0031-48DA-4895-A254-FA1C2F8AB550}.Release|x64.ActiveCfg = Release|x64
		{A70B0031-48DA-4895-A254-FA1C2F8AB550}.Release|x64.Build.0 = Release|x64
		{A70B0031-48DA-4895-A254-FA1C2F8AB550}.Release|x86.ActiveCfg = Release|x64
		{A70B0031-48DA-4895-A254-FA1C2F8AB550}.Release|x86.Build.0 = Release|x64
		{6D0648C8-74A4-42B9-A33D-3A62815D1C35}.Debug|Any CPU.ActiveCfg = Debug|x64
		{6D0648C8-74A4-42B9-A33D-3A62815D1C35}.Debug|Any CPU.Build.0 = Debug|x64
		{6D0648C8-74A4-42B9-A33D-3A62815D1C35}.Debug|x64.ActiveCfg = Debug|x64
		{6D0648C8-74A4-42B9-A33D-3A62815D1C35}.Debug|x64.Build.0 = Debug|x64
		{6D0648C8-74A4-42B9-A33D-3A62815D1C35}.Debug|x86.ActiveCfg = Debug|x64
		{6D0648C8-74A4-42B9-A33D-3A62815D1C35}.Debug|x86.Build.0 = Debug|x64
		{6D0648C8-74A4-42B9-A33D-3A62815D1C35}.Release|Any CPU.ActiveCfg = Release|x64
		{6D0648C8-74A4-42B9-A33D-3A62815D1C35}.Release|Any CPU.Build.0 = Release|x64
		{6D0648C8-74A4-42B9-A33D-3A62815D1C35}.Release|x64.ActiveCfg = Release|x64
		{6D0648C8-74A4-42B9-A33D-3A62815D1C35}.Release|x64.Build.0 = Release|x64
		{6D0648C8-74A4-42B9-A33D-3A62815D1C35}.Release|x86.ActiveCfg = Release|x64
		{6D0648C8-74A4-42B9-A33D-3A62815D1C35}.Release|x86.Build.0 = Release|x64
		{2283120B-9584-4BE1-AC7C-3D91A02DD9AD}.Debug|Any CPU.ActiveCfg = Debug|x64
		{2283120B-9584-4BE1-AC7C-3D91A02DD9AD}.Debug|Any CPU.Build.0 = Debug|x64
		{2283120B-9584-4BE1-AC7C-3D91A02DD9AD}.Debug|x64.ActiveCfg = Debug|x64
		{2283120B-9584-4BE1-AC7C-3D91A02DD9AD}.Debug|x64.Build.0 = Debug|x64
		{2283120B-9584-4BE1-AC7C-3D91A02DD9AD}.Debug|x86.ActiveCfg = Debug|x64
		{2283120B-9584-4BE1-AC7C-3D91A02DD9AD}.Debug|x86.Build.0 = Debug|x64
		{2283120B-9584-4BE1-AC7C-3D91A02DD9AD}.Release|Any CPU.ActiveCfg = Release|x64
		{2283120B-9584-4BE1-AC7C-3D91A02DD9AD}.Release|Any CPU.Build.0 = Release|x64
		{2283120B-9584-4BE1-AC7C-3D91A02DD9AD}.Release|x64.ActiveCfg = Release|x64
		{2283120B-9584-4BE1-AC7C-3D91A02DD9AD}.Release|x64.Build.0 = Release|x64
		{2283120B-9584-4BE1-AC7C-3D91A02DD9AD}.Release|x86.ActiveCfg = Release|x64
		{2283120B-9584-4BE1-AC7C-3D91A02DD9AD}.Release|x86.Build.0 = Release|x64
		{3EB99EC8-E43C-45BD-8A22-8F32832834E7}.Debug|Any CPU.ActiveCfg = Debug|x64
		{3EB99EC8-E43C-45BD-8A22-8F32832834E7}.Debug|Any CPU.Build.0 = Debug|x64
		{3EB99EC8-E43C-45BD-8A22-8F32832834E7}.Debug|x64.ActiveCfg = Debug|x64
		{3EB99EC8-E43C-45BD-8A22-8F32832834E7}.Debug|x64.Build.0 = Debug|x64
		{3EB99EC8-E43C-45BD-8A22-8F32832834E7}.Debug|x86.ActiveCfg = Debug|x64
		{3EB99EC8-E43C-45BD-8A22-8F32832834E7}.Debug|x86.Build.0 = Debug|x64
		{3EB99EC8-E43C-45BD-8A22-8F32832834E7}.Release|Any CPU.ActiveCfg = Release|x64
		{3EB99EC8-E43C-45BD-8A22-8F32832834E7}.Release|Any CPU.Build.0 = Release|x64
		{3EB99EC8-E43C-45BD-8A22-8F32832834E7}.Release|x64.ActiveCfg = Release|x64
		{3EB99EC8-E43C-45BD-8A22-8F32832834E7}.Release|x64.Build.0 = Release|x64
		{3EB99EC8-E43C-45BD-8A22-8F32832834E7}.Release|x86.ActiveCfg = Release|x64
		{3EB99EC8-E43C-45BD-8A22-8F32832834E7}.Release|x86.Build.0 = Release|x64
		{9DCAAC1E-7CB3-4A0F-9939-DAD1857441BA}.Debug|Any CPU.ActiveCfg = Debug|x64
		{9DCAAC1E-7CB3-4A0F-9939-DAD1857441BA}.Debug|Any CPU.Build.0 = Debug|x64
		{9DCAAC1E-7CB3-4A0F-9939-DAD1857441BA}.Debug|x64.ActiveCfg = Debug|x64
		{9DCAAC1E-7CB3-4A0F-9939-DAD1857441BA}.Debug|x64.Build.0 = Debug|x64
		{9DCAAC1E-7CB3-4A0F-9939-DAD1857441BA}.Debug|x86.ActiveCfg = Debug|x64
		{9DCAAC1E-7CB3-4A0F-9939-DAD1857441BA}.Debug|x86.Build.0 = Debug|x64
		{9DCAAC1E-7CB3-4A0F-9939-DAD1857441BA}.Release|Any CPU.ActiveCfg = Release|x64
		{9DCAAC1E-7CB3-4A0F-9939-DAD1857441BA}.Release|Any CPU.Build.0 = Release|x64
		{9DCAAC1E-7CB3-4A0F-9939-DAD1857441BA}.Release|x64.ActiveCfg = Release|x64
		{9DCAAC1E-7CB3-4A0F-9939-DAD1857441BA}.Release|x64.Build.0 = Release|x64
		{9DCAAC1E-7CB3-4A0F-9939-DAD1857441BA}.Release|x86.ActiveCfg = Release|x64
		{9DCAAC1E-7CB3-4A0F-9939-DAD1857441BA}.Release|x86.Build.0 = Release|x64
		{FF370819-6F3C-4B88-B8DE-8D02599F4EAA}.Debug|Any CPU.ActiveCfg = Debug|x64
		{FF370819-6F3C-4B88-B8DE-8D02599F4EAA}.Debug|Any CPU.Build.0 = Debug|x64
		{FF370819-6F3C-4B88-B8DE-8D02599F4EAA}.Debug|x64.ActiveCfg = Debug|x64
		{FF370819-6F3C-4B88-B8DE-8D02599F4EAA}.Debug|x64.Build.0 = Debug|x64
		{FF370819-6F3C-4B88-B8DE-8D02599F4EAA}.Debug|x86.ActiveCfg = Debug|x64
		{FF370819-6F3C-4B88-B8DE-8D02599F4EAA}.Debug|x86.Build.0 = Debug|x64
		{FF370819-6F3C-4B88-B8DE-8D02599F4EAA}.Release|Any CPU.ActiveCfg = Release|x64
		{FF370819-6F3C-4B88-B8DE-8D02599F4EAA}.Release|Any CPU.Build.0 = Release|x64
		{FF370819-6F3C-4B88-B8DE-8D02599F4EAA}.Release|x64.ActiveCfg = Release|x64
		{FF370819-6F3C-4B88-B8DE-8D02599F4EAA}.Release|x64.Build.0 = Release|x64
		{FF370819-6F3C-4B88-B8DE-8D02599F4EAA}.Release|x86.ActiveCfg = Release|x64
		{FF370819-6F3C-4B88-B8DE-8D02599F4EAA}.Release|x86.Build.0 = Release|x64
		{04B4BBF5-76F9-4284-AFB4-7BCB707A0581}.Debug|Any CPU.ActiveCfg = Debug|x64
		{04B4BBF5-76F9-4284-AFB4-7BCB707A0581}.Debug|Any CPU.Build.0 = Debug|x64
		{04B4BBF5-76F9-4284-AFB4-7BCB707A0581}.Debug|x64.ActiveCfg = Debug|x64
		{04B4BBF5-76F9-4284-AFB4-7BCB707A0581}.Debug|x64.Build.0 = Debug|x64
		{04B4BBF5-76F9-4284-AFB4-7BCB707A0581}.Debug|x86.ActiveCfg = Debug|x64
		{04B4BBF5-76F9-4284-AFB4-7BCB707A0581}.Debug|x86.Build.0 = Debug|x64
		{04B4BBF5-76F9-4284-AFB4-7BCB707A0581}.Release|Any CPU.ActiveCfg = Release|x64
		{04B4BBF5-76F9-4284-AFB4-7BCB707A0581}.Release|Any CPU.Build.0 = Release|x64
		{04B4BBF5-76F9-4284-AFB4-7BCB707A0581}.Release|x64.ActiveCfg = Release|x64
		{04B4BBF5-76F9-4284-AFB4-7BCB707A0581}.Release|x64.Build.0 = Release|x64
		{04B4BBF5-76F9-4284-AFB4-7BCB707A0581}.Release|x86.ActiveCfg = Release|x64
		{04B4BBF5-76F9-4284-AFB4-7BCB707A0581}.Release|x86.Build.0 = Release|x64
		{046078B5-3119-4814-93B2-AE3374EA9113}.Debug|Any CPU.ActiveCfg = Debug|x64
		{046078B5-3119-4814-93B2-AE3374EA9113}.Debug|Any CPU.Build.0 = Debug|x64
		{046078B5-3119-4814-93B2-AE3374EA9113}.Debug|x64.ActiveCfg = Debug|x64
		{046078B5-3119-4814-93B2-AE3374EA9113}.Debug|x64.Build.0 = Debug|x64
		{046078B5-3119-4814-93B2-AE3374EA9113}.Debug|x86.ActiveCfg = Debug|x64
		{046078B5-3119-4814-93B2-AE3374EA9113}.Debug|x86.Build.0 = Debug|x64
		{046078B5-3119-4814-93B2-AE3374EA9113}.Release|Any CPU.ActiveCfg = Release|x64
		{046078B5-3119-4814-93B2-AE3374EA9113}.Release|Any CPU.Build.0 = Release|x64
		{046078B5-3119-4814-93B2-AE3374EA9113}.Release|x64.ActiveCfg = Release|x64
		{046078B5-3119-4814-93B2-AE3374EA9113}.Release|x64.Build.0 = Release|x64
		{046078B5-3119-4814-93B2-AE3374EA9113}.Release|x86.ActiveCfg = Release|x64
		{046078B5-3119-4814-93B2-AE3374EA9113}.Release|x86.Build.0 = Release|x64
		{B9A377AE-9D24-449A-9656-B0B092F15C22}.Debug|Any CPU.ActiveCfg = Debug|x64
		{B9A377AE-9D24-449A-9656-B0B092F15C22}.Debug|Any CPU.Build.0 = Debug|x64
		{B9A377AE-9D24-449A-9656-B0B092F15C22}.Debug|x64.ActiveCfg = Debug|x64
		{B9A377AE-9D24-449A-9656-B0B092F15C22}.Debug|x64.Build.0 = Debug|x64
		{B9A377AE-9D24-449A-9656-B0B092F15C22}.Debug|x86.ActiveCfg = Debug|x64
		{B9A377AE-9D24-449A-9656-B0B092F15C22}.Debug|x86.Build.0 = Debug|x64
		{B9A377AE-9D24-449A-9656-B0B092F15C22}.Release|Any CPU.ActiveCfg = Release|x64
		{B9A377AE-9D24-449A-9656-B0B092F15C22}.Release|Any CPU.Build.0 = Release|x64
		{B9A377AE-9D24-449A-9656-B0B092F15C22}.Release|x64.ActiveCfg = Release|x64
		{B9A377AE-9D24-449A-9656-B0B092F15C22}.Release|x64.Build.0 = Release|x64
		{B9A377AE-9D24-449A-9656-B0B092F15C22}.Release|x86.ActiveCfg = Release|x64
		{B9A377AE-9D24-449A-9656-B0B092F15C22}.Release|x86.Build.0 = Release|x64
		{702856C6-71E3-4728-9755-C37A7E09A615}.Debug|Any CPU.ActiveCfg = Debug|x64
		{702856C6-71E3-4728-9755-C37A7E09A615}.Debug|Any CPU.Build.0 = Debug|x64
		{702856C6-71E3-4728-9755-C37A7E09A615}.Debug|x64.ActiveCfg = Debug|x64
		{702856C6-71E3-4728-9755-C37A7E09A615}.Debug|x64.Build.0 = Debug|x64
		{702856C6-71E3-4728-9755-C37A7E09A615}.Debug|x86.ActiveCfg = Debug|x64
		{702856C6-71E3-4728-9755-C37A7E09A615}.Debug|x86.Build.0 = Debug|x64
		{702856C6-71E3-4728-9755-C37A7E09A615}.Release|Any CPU.ActiveCfg = Release|x64
		{702856C6-71E3-4728-9755-C37A7E09A615}.Release|Any CPU.Build.0 = Release|x64
		{702856C6-71E3-4728-9755-C37A7E09A615}.Release|x64.ActiveCfg = Release|x64
		{702856C6-71E3-4728-9755-C37A7E09A615}.Release|x64.Build.0 = Release|x64
		{702856C6-71E3-4728-9755-C37A7E09A615}.Release|x86.ActiveCfg = Release|x64
		{702856C6-71E3-4728-9755-C37A7E09A615}.Release|x86.Build.0 = Release|x64
		{E4D943DC-DC75-4314-84E5-54408E05682E}.Debug|Any CPU.ActiveCfg = Debug|x64
		{E4D943DC-DC75-4314-84E5-54408E05682E}.Debug|Any CPU.Build.0 = Debug|x64
		{E4D943DC-DC75-4314-84E5-54408E05682E}.Debug|x64.ActiveCfg = Debug|x64
		{E4D943DC-DC75-4314-84E5-54408E05682E}.Debug|x64.Build.0 = Debug|x64
		{E4D943DC-DC75-4314-84E5-54408E05682E}.Debug|x86.ActiveCfg = Debug|x64
		{E4D943DC-DC75-4314-84E5-54408E05682E}.Debug|x86.Build.0 = Debug|x64
		{E4D943DC-DC75-4314-84E5-54408E05682E}.Release|Any CPU.ActiveCfg = Release|x64
		{E4D943DC-DC75-4314-84E5-54408E05682E}.Release|Any CPU.Build.0 = Release|x64
		{E4D943DC-DC75-4314-84E5-54408E05682E}.Release|x64.ActiveCfg = Release|x64
		{E4D943DC-DC75-4314-84E5-54408E05682E}.Release|x64.Build.0 = Release|x64
		{E4D943DC-DC75-4314-84E5-54408E05682E}.Release|x86.ActiveCfg = Release|x64
		{E4D943DC-DC75-4314-84E5-54408E05682E}.Release|x86.Build.0 = Release|x64
		{B23BBEB6-4953-4C91-A606-8A5268114882}.Debug|Any CPU.ActiveCfg = Debug|x64
		{B23BBEB6-4953-4C91-A606-8A5268114882}.Debug|Any CPU.Build.0 = Debug|x64
		{B23BBEB6-4953-4C91-A606-8A5268114882}.Debug|x64.ActiveCfg = Debug|x64
		{B23BBEB6-4953-4C91-A606-8A5268114882}.Debug|x64.Build.0 = Debug|x64
		{B23BBEB6-4953-4C91-A606-8A5268114882}.Debug|x86.ActiveCfg = Debug|x64
		{B23BBEB6-4953-4C91-A606-8A5268114882}.Debug|x86.Build.0 = Debug|x64
		{B23BBEB6-4953-4C91-A606-8A5268114882}.Release|Any CPU.ActiveCfg = Release|x64
		{B23BBEB6-4953-4C91-A606-8A5268114882}.Release|Any CPU.Build.0 = Release|x64
		{B23BBEB6-4953-4C91-A606-8A5268114882}.Release|x64.ActiveCfg = Release|x64
		{B23BBEB6-4953-4C91-A606-8A5268114882}.Release|x64.Build.0 = Release|x64
		{B23BBEB6-4953-4C91-A606-8A5268114882}.Release|x86.ActiveCfg = Release|x64
		{B23BBEB6-4953-4C91-A606-8A5268114882}.Release|x86.Build.0 = Release|x64
		{56BE44A5-3B44-48F2-9320-6A79787FC8F3}.Debug|Any CPU.ActiveCfg = Debug|Any CPU
		{56BE44A5-3B44-48F2-9320-6A79787FC8F3}.Debug|Any CPU.Build.0 = Debug|Any CPU
		{56BE44A5-3B44-48F2-9320-6A79787FC8F3}.Debug|x64.ActiveCfg = Debug|x64
		{56BE44A5-3B44-48F2-9320-6A79787FC8F3}.Debug|x64.Build.0 = Debug|x64
		{56BE44A5-3B44-48F2-9320-6A79787FC8F3}.Debug|x86.ActiveCfg = Debug|Any CPU
		{56BE44A5-3B44-48F2-9320-6A79787FC8F3}.Debug|x86.Build.0 = Debug|Any CPU
		{56BE44A5-3B44-48F2-9320-6A79787FC8F3}.Release|Any CPU.ActiveCfg = Release|Any CPU
		{56BE44A5-3B44-48F2-9320-6A79787FC8F3}.Release|Any CPU.Build.0 = Release|Any CPU
		{56BE44A5-3B44-48F2-9320-6A79787FC8F3}.Release|x64.ActiveCfg = Release|x64
		{56BE44A5-3B44-48F2-9320-6A79787FC8F3}.Release|x64.Build.0 = Release|x64
		{56BE44A5-3B44-48F2-9320-6A79787FC8F3}.Release|x86.ActiveCfg = Release|Any CPU
		{56BE44A5-3B44-48F2-9320-6A79787FC8F3}.Release|x86.Build.0 = Release|Any CPU
		{057205E1-4CF8-4C87-B465-C1D52F53D4B5}.Debug|Any CPU.ActiveCfg = Debug|x64
		{057205E1-4CF8-4C87-B465-C1D52F53D4B5}.Debug|Any CPU.Build.0 = Debug|x64
		{057205E1-4CF8-4C87-B465-C1D52F53D4B5}.Debug|x64.ActiveCfg = Debug|x64
		{057205E1-4CF8-4C87-B465-C1D52F53D4B5}.Debug|x64.Build.0 = Debug|x64
		{057205E1-4CF8-4C87-B465-C1D52F53D4B5}.Debug|x86.ActiveCfg = Debug|x64
		{057205E1-4CF8-4C87-B465-C1D52F53D4B5}.Debug|x86.Build.0 = Debug|x64
		{057205E1-4CF8-4C87-B465-C1D52F53D4B5}.Release|Any CPU.ActiveCfg = Release|x64
		{057205E1-4CF8-4C87-B465-C1D52F53D4B5}.Release|Any CPU.Build.0 = Release|x64
		{057205E1-4CF8-4C87-B465-C1D52F53D4B5}.Release|x64.ActiveCfg = Release|x64
		{057205E1-4CF8-4C87-B465-C1D52F53D4B5}.Release|x64.Build.0 = Release|x64
		{057205E1-4CF8-4C87-B465-C1D52F53D4B5}.Release|x86.ActiveCfg = Release|x64
		{057205E1-4CF8-4C87-B465-C1D52F53D4B5}.Release|x86.Build.0 = Release|x64
	EndGlobalSection
	GlobalSection(SolutionProperties) = preSolution
		HideSolutionNode = FALSE
	EndGlobalSection
	GlobalSection(NestedProjects) = preSolution
		{89649CEF-0D9B-4294-A6FC-3CB8D59BE3C1} = {0AB3BF05-4346-4AA6-1389-037BE0695223}
		{DA707A12-4080-4D9F-90E2-BA848466BB21} = {0AB3BF05-4346-4AA6-1389-037BE0695223}
		{BE412E10-8899-4C19-9E9E-6F7C36BDBBF4} = {0AB3BF05-4346-4AA6-1389-037BE0695223}
		{62B409DF-B985-41AD-8767-D45381FDA5A8} = {0AB3BF05-4346-4AA6-1389-037BE0695223}
		{E4D943DC-DC75-4314-84E5-54408E05682E} = {0AB3BF05-4346-4AA6-1389-037BE0695223}
		{B23BBEB6-4953-4C91-A606-8A5268114882} = {0AB3BF05-4346-4AA6-1389-037BE0695223}
		{56BE44A5-3B44-48F2-9320-6A79787FC8F3} = {0AB3BF05-4346-4AA6-1389-037BE0695223}
		{057205E1-4CF8-4C87-B465-C1D52F53D4B5} = {0AB3BF05-4346-4AA6-1389-037BE0695223}
	EndGlobalSection
EndGlobal
